
Microsoft Visual Studio Solution File, Format Version 12.00
# Visual Studio 14
VisualStudioVersion = 14.0.25420.1
MinimumVisualStudioVersion = 10.0.40219.1
Project("{2150E333-8FDC-42A3-9474-1A3956D46DE8}") = "Server", "Server", "{8737B75C-A2A3-46D1-B22D-D66663F3AD5A}"
EndProject
Project("{2150E333-8FDC-42A3-9474-1A3956D46DE8}") = "Client", "Client", "{F4185E69-7371-43B8-B5C9-6136A9B48901}"
EndProject
Project("{2150E333-8FDC-42A3-9474-1A3956D46DE8}") = "Common", "Common", "{B716F98A-DC32-43A2-AF91-A7A831696F74}"
EndProject
Project("{FAE04EC0-301F-11D3-BF4B-00C04F79EFBC}") = "Common", "common\Common.csproj", "{BC8D6F7F-6CA9-443B-B472-BC8E18A87BB8}"
EndProject
Project("{FAE04EC0-301F-11D3-BF4B-00C04F79EFBC}") = "TestWcf_05_Service", "server\TestWcf_05_Service\TestWcf_05_Service.csproj", "{891E7396-3973-4C4F-8C05-70EFC96B64E0}"
EndProject
Project("{FAE04EC0-301F-11D3-BF4B-00C04F79EFBC}") = "TestServiseClient", "client\TestServiseClient\TestServiseClient.csproj", "{4BC62D51-06D4-4349-A086-B7A402DA324A}"
EndProject
Project("{FAE04EC0-301F-11D3-BF4B-00C04F79EFBC}") = "TestServise", "server\TestServise\TestServise.csproj", "{E42084FE-3288-4A2D-B4C8-4C541AE3BE0A}"
EndProject
Global
	GlobalSection(SolutionConfigurationPlatforms) = preSolution
		Debug|Any CPU = Debug|Any CPU
		Release|Any CPU = Release|Any CPU
	EndGlobalSection
	GlobalSection(ProjectConfigurationPlatforms) = postSolution
		{BC8D6F7F-6CA9-443B-B472-BC8E18A87BB8}.Debug|Any CPU.ActiveCfg = Debug|Any CPU
		{BC8D6F7F-6CA9-443B-B472-BC8E18A87BB8}.Debug|Any CPU.Build.0 = Debug|Any CPU
		{BC8D6F7F-6CA9-443B-B472-BC8E18A87BB8}.Release|Any CPU.ActiveCfg = Release|Any CPU
		{BC8D6F7F-6CA9-443B-B472-BC8E18A87BB8}.Release|Any CPU.Build.0 = Release|Any CPU
		{891E7396-3973-4C4F-8C05-70EFC96B64E0}.Debug|Any CPU.ActiveCfg = Debug|Any CPU
		{891E7396-3973-4C4F-8C05-70EFC96B64E0}.Debug|Any CPU.Build.0 = Debug|Any CPU
		{891E7396-3973-4C4F-8C05-70EFC96B64E0}.Release|Any CPU.ActiveCfg = Release|Any CPU
		{891E7396-3973-4C4F-8C05-70EFC96B64E0}.Release|Any CPU.Build.0 = Release|Any CPU
		{4BC62D51-06D4-4349-A086-B7A402DA324A}.Debug|Any CPU.ActiveCfg = Debug|Any CPU
		{4BC62D51-06D4-4349-A086-B7A402DA324A}.Debug|Any CPU.Build.0 = Debug|Any CPU
		{4BC62D51-06D4-4349-A086-B7A402DA324A}.Release|Any CPU.ActiveCfg = Release|Any CPU
		{4BC62D51-06D4-4349-A086-B7A402DA324A}.Release|Any CPU.Build.0 = Release|Any CPU
		{E42084FE-3288-4A2D-B4C8-4C541AE3BE0A}.Debug|Any CPU.ActiveCfg = Debug|Any CPU
		{E42084FE-3288-4A2D-B4C8-4C541AE3BE0A}.Debug|Any CPU.Build.0 = Debug|Any CPU
		{E42084FE-3288-4A2D-B4C8-4C541AE3BE0A}.Release|Any CPU.ActiveCfg = Release|Any CPU
		{E42084FE-3288-4A2D-B4C8-4C541AE3BE0A}.Release|Any CPU.Build.0 = Release|Any CPU
	EndGlobalSection
	GlobalSection(SolutionProperties) = preSolution
		HideSolutionNode = FALSE
	EndGlobalSection
	GlobalSection(NestedProjects) = preSolution
		{BC8D6F7F-6CA9-443B-B472-BC8E18A87BB8} = {B716F98A-DC32-43A2-AF91-A7A831696F74}
		{891E7396-3973-4C4F-8C05-70EFC96B64E0} = {8737B75C-A2A3-46D1-B22D-D66663F3AD5A}
		{4BC62D51-06D4-4349-A086-B7A402DA324A} = {F4185E69-7371-43B8-B5C9-6136A9B48901}
		{E42084FE-3288-4A2D-B4C8-4C541AE3BE0A} = {8737B75C-A2A3-46D1-B22D-D66663F3AD5A}
	EndGlobalSection
EndGlobal
