
Microsoft Visual Studio Solution File, Format Version 12.00
# Visual Studio 14
VisualStudioVersion = 14.0.25123.0
MinimumVisualStudioVersion = 10.0.40219.1
Project("{2150E333-8FDC-42A3-9474-1A3956D46DE8}") = "Server", "Server", "{0C0D083F-37B1-4536-B20A-4733505E8134}"
EndProject
Project("{FAE04EC0-301F-11D3-BF4B-00C04F79EFBC}") = "TestWcfService", "Server\TestWcfService\TestWcfService.csproj", "{1C9506C1-E525-4ECE-AF75-6DEBB565BAEF}"
EndProject
Project("{2150E333-8FDC-42A3-9474-1A3956D46DE8}") = "Common", "Common", "{78227868-EB66-4A73-9DE9-300F4102D59C}"
EndProject
Project("{FAE04EC0-301F-11D3-BF4B-00C04F79EFBC}") = "Common", "Common\Common.csproj", "{BC8D6F7F-6CA9-443B-B472-BC8E18A87BB8}"
EndProject
Project("{FAE04EC0-301F-11D3-BF4B-00C04F79EFBC}") = "NewCommon", "NewCommon\NewCommon.csproj", "{41E5FC41-C956-456C-A358-8B323173EBA9}"
EndProject
Project("{2150E333-8FDC-42A3-9474-1A3956D46DE8}") = "Client", "Client", "{E0557252-5B73-4503-92D2-6780521695E1}"
EndProject
Project("{FAE04EC0-301F-11D3-BF4B-00C04F79EFBC}") = "TestWcfNew", "TestWcfNewService\TestWcfNew.csproj", "{88F2A2F8-243E-475B-AA48-51BF20619087}"
EndProject
Project("{2150E333-8FDC-42A3-9474-1A3956D46DE8}") = "WCF", "WCF", "{6A172C58-ED2D-4CD5-95EC-E050358D9991}"
EndProject
Project("{2150E333-8FDC-42A3-9474-1A3956D46DE8}") = "Service", "Service", "{90FF8E77-9D3E-4B8B-ABF5-FA12F5192553}"
EndProject
Project("{2150E333-8FDC-42A3-9474-1A3956D46DE8}") = "WcfCommon", "WcfCommon", "{007B9AC5-42D2-43A2-96E4-F171193EBE58}"
EndProject
Project("{E24C65DC-7377-472B-9ABA-BC803B73C61A}") = "TestWcfClient", "Server\TestWcfClient\", "{87026931-4115-49FC-9666-6D1F6C263235}"
	ProjectSection(WebsiteProperties) = preProject
		TargetFrameworkMoniker = ".NETFramework,Version%3Dv4.5.2"
		Debug.AspNetCompiler.VirtualPath = "/localhost_51605"
		Debug.AspNetCompiler.PhysicalPath = "Server\TestWcfClient\"
		Debug.AspNetCompiler.TargetPath = "PrecompiledWeb\localhost_51605\"
		Debug.AspNetCompiler.Updateable = "true"
		Debug.AspNetCompiler.ForceOverwrite = "true"
		Debug.AspNetCompiler.FixedNames = "false"
		Debug.AspNetCompiler.Debug = "True"
		Release.AspNetCompiler.VirtualPath = "/localhost_51605"
		Release.AspNetCompiler.PhysicalPath = "Server\TestWcfClient\"
		Release.AspNetCompiler.TargetPath = "PrecompiledWeb\localhost_51605\"
		Release.AspNetCompiler.Updateable = "true"
		Release.AspNetCompiler.ForceOverwrite = "true"
		Release.AspNetCompiler.FixedNames = "false"
		Release.AspNetCompiler.Debug = "False"
		VWDPort = "51605"
		SlnRelativePath = "Server\TestWcfClient\"
		DefaultWebSiteLanguage = "Visual C#"
	EndProjectSection
EndProject
Project("{FAE04EC0-301F-11D3-BF4B-00C04F79EFBC}") = "TestMEXClient", "Client\TestMEXClient\TestMEXClient.csproj", "{EE7C13D9-11D0-49E5-BE67-7789EDEC6A28}"
EndProject
Global
	GlobalSection(SolutionConfigurationPlatforms) = preSolution
		Debug|Any CPU = Debug|Any CPU
		Release|Any CPU = Release|Any CPU
	EndGlobalSection
	GlobalSection(ProjectConfigurationPlatforms) = postSolution
		{1C9506C1-E525-4ECE-AF75-6DEBB565BAEF}.Debug|Any CPU.ActiveCfg = Debug|Any CPU
		{1C9506C1-E525-4ECE-AF75-6DEBB565BAEF}.Debug|Any CPU.Build.0 = Debug|Any CPU
		{1C9506C1-E525-4ECE-AF75-6DEBB565BAEF}.Release|Any CPU.ActiveCfg = Release|Any CPU
		{1C9506C1-E525-4ECE-AF75-6DEBB565BAEF}.Release|Any CPU.Build.0 = Release|Any CPU
		{BC8D6F7F-6CA9-443B-B472-BC8E18A87BB8}.Debug|Any CPU.ActiveCfg = Debug|Any CPU
		{BC8D6F7F-6CA9-443B-B472-BC8E18A87BB8}.Debug|Any CPU.Build.0 = Debug|Any CPU
		{BC8D6F7F-6CA9-443B-B472-BC8E18A87BB8}.Release|Any CPU.ActiveCfg = Release|Any CPU
		{BC8D6F7F-6CA9-443B-B472-BC8E18A87BB8}.Release|Any CPU.Build.0 = Release|Any CPU
		{41E5FC41-C956-456C-A358-8B323173EBA9}.Debug|Any CPU.ActiveCfg = Debug|Any CPU
		{41E5FC41-C956-456C-A358-8B323173EBA9}.Debug|Any CPU.Build.0 = Debug|Any CPU
		{41E5FC41-C956-456C-A358-8B323173EBA9}.Release|Any CPU.ActiveCfg = Release|Any CPU
		{41E5FC41-C956-456C-A358-8B323173EBA9}.Release|Any CPU.Build.0 = Release|Any CPU
		{88F2A2F8-243E-475B-AA48-51BF20619087}.Debug|Any CPU.ActiveCfg = Debug|Any CPU
		{88F2A2F8-243E-475B-AA48-51BF20619087}.Debug|Any CPU.Build.0 = Debug|Any CPU
		{88F2A2F8-243E-475B-AA48-51BF20619087}.Release|Any CPU.ActiveCfg = Release|Any CPU
		{88F2A2F8-243E-475B-AA48-51BF20619087}.Release|Any CPU.Build.0 = Release|Any CPU
		{87026931-4115-49FC-9666-6D1F6C263235}.Debug|Any CPU.ActiveCfg = Debug|Any CPU
		{87026931-4115-49FC-9666-6D1F6C263235}.Debug|Any CPU.Build.0 = Debug|Any CPU
		{87026931-4115-49FC-9666-6D1F6C263235}.Release|Any CPU.ActiveCfg = Debug|Any CPU
		{87026931-4115-49FC-9666-6D1F6C263235}.Release|Any CPU.Build.0 = Debug|Any CPU
		{EE7C13D9-11D0-49E5-BE67-7789EDEC6A28}.Debug|Any CPU.ActiveCfg = Debug|Any CPU
		{EE7C13D9-11D0-49E5-BE67-7789EDEC6A28}.Debug|Any CPU.Build.0 = Debug|Any CPU
		{EE7C13D9-11D0-49E5-BE67-7789EDEC6A28}.Release|Any CPU.ActiveCfg = Release|Any CPU
		{EE7C13D9-11D0-49E5-BE67-7789EDEC6A28}.Release|Any CPU.Build.0 = Release|Any CPU
	EndGlobalSection
	GlobalSection(SolutionProperties) = preSolution
		HideSolutionNode = FALSE
	EndGlobalSection
	GlobalSection(NestedProjects) = preSolution
		{1C9506C1-E525-4ECE-AF75-6DEBB565BAEF} = {90FF8E77-9D3E-4B8B-ABF5-FA12F5192553}
		{BC8D6F7F-6CA9-443B-B472-BC8E18A87BB8} = {007B9AC5-42D2-43A2-96E4-F171193EBE58}
		{41E5FC41-C956-456C-A358-8B323173EBA9} = {E0557252-5B73-4503-92D2-6780521695E1}
		{88F2A2F8-243E-475B-AA48-51BF20619087} = {6A172C58-ED2D-4CD5-95EC-E050358D9991}
		{6A172C58-ED2D-4CD5-95EC-E050358D9991} = {0C0D083F-37B1-4536-B20A-4733505E8134}
		{90FF8E77-9D3E-4B8B-ABF5-FA12F5192553} = {0C0D083F-37B1-4536-B20A-4733505E8134}
		{007B9AC5-42D2-43A2-96E4-F171193EBE58} = {78227868-EB66-4A73-9DE9-300F4102D59C}
		{87026931-4115-49FC-9666-6D1F6C263235} = {90FF8E77-9D3E-4B8B-ABF5-FA12F5192553}
		{EE7C13D9-11D0-49E5-BE67-7789EDEC6A28} = {E0557252-5B73-4503-92D2-6780521695E1}
	EndGlobalSection
EndGlobal
