
Microsoft Visual Studio Solution File, Format Version 12.00
# Visual Studio 14
VisualStudioVersion = 14.0.25123.0
MinimumVisualStudioVersion = 10.0.40219.1
Project("{2150E333-8FDC-42A3-9474-1A3956D46DE8}") = "01_Vladimir", "01_Vladimir", "{2A6A1F2A-6164-4450-B137-5ECD29FDA1A7}"
	ProjectSection(SolutionItems) = preProject
		01_Vladimir\readMe.txt = 01_Vladimir\readMe.txt
	EndProjectSection
EndProject
Project("{2150E333-8FDC-42A3-9474-1A3956D46DE8}") = "02_Igor", "02_Igor", "{1680F505-0533-4DF0-9A62-B617A5D6FAF0}"
	ProjectSection(SolutionItems) = preProject
		02_Igor\readMe.txt = 02_Igor\readMe.txt
	EndProjectSection
EndProject
Project("{2150E333-8FDC-42A3-9474-1A3956D46DE8}") = "03_Oleg", "03_Oleg", "{1E5F935B-DC63-439B-BFE0-A5154DB54DBA}"
	ProjectSection(SolutionItems) = preProject
		03_Oleg\readMe.txt = 03_Oleg\readMe.txt
	EndProjectSection
EndProject
Project("{2150E333-8FDC-42A3-9474-1A3956D46DE8}") = "05_Eugene", "05_Eugene", "{574D8AE2-3CF2-4AC5-B558-850669DA4184}"
	ProjectSection(SolutionItems) = preProject
		05_Eugene\readMe.txt = 05_Eugene\readMe.txt
	EndProjectSection
EndProject
Project("{2150E333-8FDC-42A3-9474-1A3956D46DE8}") = "06_Jury", "06_Jury", "{79A650D6-BA91-47D1-88CE-EC002A70A94C}"
EndProject
Project("{2150E333-8FDC-42A3-9474-1A3956D46DE8}") = "07_Roman", "07_Roman", "{EC9A435A-03FF-4A1C-B66A-5643A572C7C6}"
	ProjectSection(SolutionItems) = preProject
		07_Roman\readMe.txt = 07_Roman\readMe.txt
	EndProjectSection
EndProject
Project("{2150E333-8FDC-42A3-9474-1A3956D46DE8}") = "08_Danila", "08_Danila", "{DDF8AE58-88FE-4DB5-AB48-D78BE93969F1}"
	ProjectSection(SolutionItems) = preProject
		08_Danila\01_prg.html = 08_Danila\01_prg.html
		08_Danilo\readMe.txt = 08_Danilo\readMe.txt
	EndProjectSection
EndProject
Project("{2150E333-8FDC-42A3-9474-1A3956D46DE8}") = "09_Sergei", "09_Sergei", "{E4CE2450-2BB1-4440-9BBF-34FEE661A092}"
EndProject
Project("{FAE04EC0-301F-11D3-BF4B-00C04F79EFBC}") = "02_ParityCheck", "06_Jury\02_ParityCheck\02_ParityCheck.csproj", "{BF709E5C-DD11-4F18-9993-9DE3C40598BB}"
EndProject
Project("{FAE04EC0-301F-11D3-BF4B-00C04F79EFBC}") = "01_Ping", "09_Sergei\01_Ping\01_Ping.csproj", "{B88C2F3B-71C5-4840-B425-78A4DD5E6657}"
EndProject
Project("{2150E333-8FDC-42A3-9474-1A3956D46DE8}") = "CW", "CW", "{7768E47D-6065-4302-B586-26014DD0EA0B}"
EndProject
Project("{2150E333-8FDC-42A3-9474-1A3956D46DE8}") = "002", "002", "{8007C73E-1051-4B7B-9EAF-1B7F49016D70}"
EndProject
Project("{FAE04EC0-301F-11D3-BF4B-00C04F79EFBC}") = "ConsoleTemplate", "CW\002\ConsoleTemplate\ConsoleTemplate.csproj", "{47D82EAC-0CD5-45B2-A41D-063104749887}"
EndProject
Project("{FAE04EC0-301F-11D3-BF4B-00C04F79EFBC}") = "003_Array", "CW\003\003_Array\003_Array.csproj", "{5E103080-AFC1-4393-BB60-CC2DC81C466A}"
EndProject
Project("{FAE04EC0-301F-11D3-BF4B-00C04F79EFBC}") = "03_Rectangle", "05_Eugene\03_Rectangle\03_Rectangle.csproj", "{D869010E-57A1-4979-8C27-D4911AB527B0}"
EndProject
Project("{2150E333-8FDC-42A3-9474-1A3956D46DE8}") = "003", "003", "{C0817CA3-51AA-4532-BD81-ABEFDD63505F}"
EndProject
Project("{2150E333-8FDC-42A3-9474-1A3956D46DE8}") = "001", "001", "{8F5FA19E-BAFE-4C62-9B7E-883CB47FF9AD}"
EndProject
Project("{FAE04EC0-301F-11D3-BF4B-00C04F79EFBC}") = "01_colorConsoleWrite", "CW\001\01_colorConsoleWrite\01_colorConsoleWrite.csproj", "{7879E73B-D017-4056-8DB4-34193668287D}"
EndProject
Project("{FAE04EC0-301F-11D3-BF4B-00C04F79EFBC}") = "01_FirstConsoleApp", "06_Jury\01_FirstConsoleApp\01_FirstConsoleApp.csproj", "{79D30B8F-D5F9-49A7-961A-693ADF7FCBD2}"
EndProject
Project("{FAE04EC0-301F-11D3-BF4B-00C04F79EFBC}") = "03_christmasTree", "08_Danila\03_christmasTree\03_christmasTree.csproj", "{D8493A00-36BF-4817-A9F5-2799F72E9D57}"
EndProject
Project("{FAE04EC0-301F-11D3-BF4B-00C04F79EFBC}") = "04_Task6_(Task list)", "06_Jury\03_Task6_(Task list)\04_Task6_(Task list).csproj", "{1309A919-AE01-4AF7-974A-246AADD2D892}"
EndProject
Project("{FAE04EC0-301F-11D3-BF4B-00C04F79EFBC}") = "03_Rect", "06_Jury\04_DrawingShapes\Rect\03_Rect.csproj", "{E3263167-A675-47FC-857D-4B7342A1236D}"
EndProject
Project("{FAE04EC0-301F-11D3-BF4B-00C04F79EFBC}") = "02_ParityCheck", "02_Igor\02_ParityCheck\02_ParityCheck.csproj", "{B9AD3527-94CD-412D-AE7C-B9C51BC06C4A}"
EndProject
Project("{FAE04EC0-301F-11D3-BF4B-00C04F79EFBC}") = "02_prg", "02_Igor\02_prg\02_prg.csproj", "{97F391CB-3451-4EB4-BB3E-D4E4115C5B7F}"
EndProject
Project("{FAE04EC0-301F-11D3-BF4B-00C04F79EFBC}") = "03_Calc", "03_Oleg\03_Calc\03_Calc.csproj", "{93ECD0FC-BB38-4BAF-8D54-486840040089}"
EndProject
Project("{2150E333-8FDC-42A3-9474-1A3956D46DE8}") = "004", "004", "{B6BBBCF5-5DEE-426F-9BC1-3043FCE8CDDE}"
EndProject
Project("{FAE04EC0-301F-11D3-BF4B-00C04F79EFBC}") = "04_Prg", "CW\004\04_Prg\04_Prg.csproj", "{0C4F5E8F-B2DC-40CB-8466-7839B5EB9385}"
EndProject
Project("{FAE04EC0-301F-11D3-BF4B-00C04F79EFBC}") = "04_Array", "CW\004\04_Array\04_Array.csproj", "{D7B397F6-A632-4B16-95C0-56B75FFDCF44}"
EndProject
Project("{FAE04EC0-301F-11D3-BF4B-00C04F79EFBC}") = "04_AutoShop", "CW\004\04_AutoShop\04_AutoShop.csproj", "{09019C77-ABFA-4ACB-8A9E-2342FE2ADD61}"
EndProject
Project("{2150E333-8FDC-42A3-9474-1A3956D46DE8}") = "10_KDMEugene", "10_KDMEugene", "{C18DF581-CF94-4066-9690-9ECF7C25F300}"
	ProjectSection(SolutionItems) = preProject
		10_KDMEugene\readMe.txt = 10_KDMEugene\readMe.txt
	EndProjectSection
EndProject
Project("{FAE04EC0-301F-11D3-BF4B-00C04F79EFBC}") = "Calc", "05_Eugene\Calc\Calc.csproj", "{A5BEF718-97AC-403E-9752-C1DD29B761AB}"
EndProject
Project("{FAE04EC0-301F-11D3-BF4B-00C04F79EFBC}") = "02_10_Calc", "10_KDMEugene\02_calc\02_10_Calc.csproj", "{C5C444E2-3FD9-4B10-B9B2-D1974D74C088}"
EndProject
Project("{FAE04EC0-301F-11D3-BF4B-00C04F79EFBC}") = "03_10_Rect", "10_KDMEugene\03_10_Rect\03_10_Rect.csproj", "{1D7F64A3-8D61-4747-A525-41F00CC743C9}"
EndProject
Project("{FAE04EC0-301F-11D3-BF4B-00C04F79EFBC}") = "01_parityNumber", "09_Sergei\01_parityNumber\01_parityNumber.csproj", "{48B2F972-22E2-4A10-8174-8E6A878AB2A0}"
EndProject
Project("{FAE04EC0-301F-11D3-BF4B-00C04F79EFBC}") = "03_ColorsInWord", "09_Sergei\03_ColorsInWord\03_ColorsInWord.csproj", "{C2B225B5-6FB5-40C4-B8E6-55445302BA91}"
EndProject
Project("{FAE04EC0-301F-11D3-BF4B-00C04F79EFBC}") = "04_GeneretionOfExamples", "09_Sergei\04_GeneretionOfExamples\04_GeneretionOfExamples.csproj", "{206F1F78-306F-48E3-98F9-51AA35F050A8}"
EndProject
Project("{FAE04EC0-301F-11D3-BF4B-00C04F79EFBC}") = "06_Rectangle", "09_Sergei\06_Rectangle\06_Rectangle.csproj", "{C6854A9A-81F0-4542-A603-CF284860E9D3}"
EndProject
Project("{FAE04EC0-301F-11D3-BF4B-00C04F79EFBC}") = "04_Flag", "08_Danila\04_Flag\04_Flag.csproj", "{9D1A9ADE-4F4D-4470-BBD0-3252E073F434}"
EndProject
Project("{FAE04EC0-301F-11D3-BF4B-00C04F79EFBC}") = "editarray", "07_Roman\editarray\editarray.csproj", "{250A3168-AEB8-47EA-8108-E1A32C3B0248}"
EndProject
Project("{FAE04EC0-301F-11D3-BF4B-00C04F79EFBC}") = "Elka", "07_Roman\Elka\Elka.csproj", "{75E2AA77-2533-4BFE-9A71-9C5FF015F740}"
EndProject
Project("{FAE04EC0-301F-11D3-BF4B-00C04F79EFBC}") = "triangle", "07_Roman\triangle\triangle.csproj", "{5EBCB432-B2F8-4D5C-A0D3-FDF02239D0BD}"
EndProject
Project("{FAE04EC0-301F-11D3-BF4B-00C04F79EFBC}") = "08_New", "08_Danila\08_New\08_New.csproj", "{08C6F6E1-F01F-4FF3-8932-515ADE7F4C19}"
EndProject
Project("{FAE04EC0-301F-11D3-BF4B-00C04F79EFBC}") = "03_tree", "06_Jury\04_DrawingShapes\tree\03_tree.csproj", "{1EB0CF14-7D0D-42A1-B553-4EA2A5002C72}"
EndProject
Project("{FAE04EC0-301F-11D3-BF4B-00C04F79EFBC}") = "05_Array_Sort2dim", "06_Jury\05_Array_Sort2dim\05_Array_Sort2dim.csproj", "{4CCA9B3F-2B6F-4281-9626-2587D1ADA494}"
EndProject
Project("{FAE04EC0-301F-11D3-BF4B-00C04F79EFBC}") = "05_Array_SortBubblesMethod", "06_Jury\05_Array_SortBubblesMethod\05_Array_SortBubblesMethod.csproj", "{27ADABFA-11D9-4D2F-B2F7-A5DB0F97C15D}"
EndProject
Project("{FAE04EC0-301F-11D3-BF4B-00C04F79EFBC}") = "06_init_array", "06_Jury\06_init_array\06_init_array.csproj", "{500BD8CF-41EC-4EBF-9B57-31D0CE191251}"
EndProject
Project("{FAE04EC0-301F-11D3-BF4B-00C04F79EFBC}") = "06_jaggedArray", "06_Jury\06_jaggedArray\06_jaggedArray.csproj", "{CD0C396F-1B3A-4AC0-876B-13B9B29D9920}"
EndProject
Project("{FAE04EC0-301F-11D3-BF4B-00C04F79EFBC}") = "03_Calc", "08_Danila\03_Calc\03_Calc\03_Calc.csproj", "{3166FE79-4A48-49C2-8C07-C4BF9A4063A9}"
EndProject
Project("{FAE04EC0-301F-11D3-BF4B-00C04F79EFBC}") = "05_Arrays", "09_Sergei\09_Arrays\05_Arrays.csproj", "{C6C53632-D5F1-41BE-B4B6-3EA7C5362E75}"
EndProject
Project("{FAE04EC0-301F-11D3-BF4B-00C04F79EFBC}") = "03_Calc", "09_Sergei\03_Calc\03_Calc.csproj", "{E8D44CCC-54E9-4BAD-A726-D9D2A5A13250}"
EndProject
Project("{FAE04EC0-301F-11D3-BF4B-00C04F79EFBC}") = "02_Task_MoneySystem", "09_Sergei\02_MoneySystem_Task10\02_Task_MoneySystem.csproj", "{E3DBB56D-DD13-4145-8441-EE8937DA0431}"
EndProject
Project("{FAE04EC0-301F-11D3-BF4B-00C04F79EFBC}") = "02_HappyMoney", "08_Danila\02_HappyMoney\02_HappyMoney.csproj", "{A37E0788-2DC2-4C01-9710-21E873C6E434}"
EndProject
Project("{FAE04EC0-301F-11D3-BF4B-00C04F79EFBC}") = "02_Sschoolchild", "08_Danila\02_Sschoolchild\02_Sschoolchild\02_Sschoolchild.csproj", "{D8EE5503-88B8-4136-BCDD-493FAEC1A711}"
EndProject
Project("{2150E333-8FDC-42A3-9474-1A3956D46DE8}") = "005", "005", "{8DA8017E-60B8-4FBA-BB95-C6911C6532AC}"
EndProject
Project("{FAE04EC0-301F-11D3-BF4B-00C04F79EFBC}") = "05_Anime", "CW\005\05_Anime\05_Anime.csproj", "{A44F3A50-B55C-478B-BB2E-281813524BB2}"
EndProject
Project("{FAE04EC0-301F-11D3-BF4B-00C04F79EFBC}") = "05_prg", "CW\005\05_prg\05_prg.csproj", "{944EDE31-38EB-4A4C-B8A3-4FAEF98C9ECA}"
EndProject
Project("{FAE04EC0-301F-11D3-BF4B-00C04F79EFBC}") = "09_10_Class", "10_KDMEugene\09_10_Class\09_10_Class.csproj", "{20297FF4-3DEA-4A36-A63F-F00375AD6B4B}"
EndProject
Project("{FAE04EC0-301F-11D3-BF4B-00C04F79EFBC}") = "myClass", "05_Eugene\myClass\myClass.csproj", "{DA31DBFE-586C-4D31-AEC5-EA9F28C03CE6}"
EndProject
Project("{FAE04EC0-301F-11D3-BF4B-00C04F79EFBC}") = "05_SortArrays", "09_Sergei\5_SortArrays\05_SortArrays.csproj", "{2E29944B-04A9-498E-B1F5-76A1A004BCDB}"
EndProject
Project("{FAE04EC0-301F-11D3-BF4B-00C04F79EFBC}") = "07_PrgClass", "09_Sergei\07_PrgClass\07_PrgClass\07_PrgClass.csproj", "{BF5E693E-1126-42A2-B7BA-8B5D4D6EAE4A}"
EndProject
Project("{FAE04EC0-301F-11D3-BF4B-00C04F79EFBC}") = "07_prg", "06_Jury\07_prg\07_prg.csproj", "{94F4541A-AAE0-4A53-B99E-1EF63075B663}"
EndProject
Project("{FAE04EC0-301F-11D3-BF4B-00C04F79EFBC}") = "01_prg", "01_Vladimir\01_prg\01_prg.csproj", "{3D585759-1716-49D9-9379-5491238785DF}"
EndProject
Project("{FAE04EC0-301F-11D3-BF4B-00C04F79EFBC}") = "Mass", "01_Vladimir\Mass\Mass.csproj", "{D1DDEC54-9B11-4EF2-AC4B-F87A3F8C0940}"
EndProject
Project("{FAE04EC0-301F-11D3-BF4B-00C04F79EFBC}") = "test", "01_Vladimir\test\test.csproj", "{8D02079D-3BC5-407C-8033-5BBDB78E9BCF}"
EndProject
Project("{FAE04EC0-301F-11D3-BF4B-00C04F79EFBC}") = "03_calc_01", "02_Igor\03_calc_01\03_calc_01.csproj", "{68C3FF31-45F3-47F1-89AB-7E0BC3C1A07A}"
EndProject
Project("{FAE04EC0-301F-11D3-BF4B-00C04F79EFBC}") = "03_tree", "02_Igor\03_tree\03_tree.csproj", "{E88B5184-44DE-4D94-8F5F-FCD8BAEEC37B}"
EndProject
Project("{2150E333-8FDC-42A3-9474-1A3956D46DE8}") = "007", "007", "{98855243-D82B-4BC6-BB7A-A9791FFAA384}"
EndProject
Project("{FAE04EC0-301F-11D3-BF4B-00C04F79EFBC}") = "07_prg_OOP", "CW\007\07_prg_OOP\07_prg_OOP.csproj", "{6EBF4376-50F5-4D3E-B74A-87763C386BE6}"
EndProject
Project("{FAE04EC0-301F-11D3-BF4B-00C04F79EFBC}") = "Calc Num", "01_Vladimir\Calc Num\Calc Num.csproj", "{BCF54BB2-F945-4120-9F5C-8AB05F4FB200}"
EndProject
Project("{FAE04EC0-301F-11D3-BF4B-00C04F79EFBC}") = "EndlessСycle", "01_Vladimir\EndlessСycle\EndlessСycle.csproj", "{D4AF233B-0824-4228-AFB3-5897AF33A7D9}"
EndProject
Project("{FAE04EC0-301F-11D3-BF4B-00C04F79EFBC}") = "07_home", "06_Jury\07_home\07_home.csproj", "{B321A6C3-7F60-42C1-A1C2-B16DD692E707}"
EndProject
Project("{FAE04EC0-301F-11D3-BF4B-00C04F79EFBC}") = "06_10_Random2dArray", "10_KDMEugene\_06_10_Random2dArray\06_10_Random2dArray.csproj", "{DFD0208C-3CBB-437D-A898-1E10EBDEAB54}"
EndProject
Project("{FAE04EC0-301F-11D3-BF4B-00C04F79EFBC}") = "07_10_AnotherArray", "10_KDMEugene\07_10_AnotherArray\07_10_AnotherArray.csproj", "{46B8B1AB-DF19-4332-81F4-829A4C7615AE}"
EndProject
Project("{2150E333-8FDC-42A3-9474-1A3956D46DE8}") = "ConsoleAnimation", "ConsoleAnimation", "{B9F038CC-250A-4176-A005-2173F2945B9B}"
EndProject
Project("{FAE04EC0-301F-11D3-BF4B-00C04F79EFBC}") = "Animation", "ConsoleAnimation\Animation\Animation.csproj", "{E11346DA-5B36-40B5-8750-B91C9DAD175C}"
EndProject
Project("{FAE04EC0-301F-11D3-BF4B-00C04F79EFBC}") = "Common", "ConsoleAnimation\Common\Common.csproj", "{D617A7ED-9B03-49AF-B96E-A03C28C55073}"
EndProject
Project("{FAE04EC0-301F-11D3-BF4B-00C04F79EFBC}") = "_08_AscII_vo", "05_Eugene\_08_AscII_vo\_08_AscII_vo.csproj", "{50FDA905-9809-46AD-AD34-2C6A5B99A8EE}"
EndProject
Project("{2150E333-8FDC-42A3-9474-1A3956D46DE8}") = "Utils", "Utils", "{E4E36F1B-C52E-43E0-A526-6E268BBB4D19}"
EndProject
Project("{FAE04EC0-301F-11D3-BF4B-00C04F79EFBC}") = "WebLoader", "Utils\WebLoader\WebLoader.csproj", "{C38844EE-CE24-47DA-BC6F-C2E02A7EB852}"
EndProject
Project("{FAE04EC0-301F-11D3-BF4B-00C04F79EFBC}") = "massGitVo", "05_Eugene\massGitVo\massGitVo.csproj", "{FD8C1AA4-8756-4D3B-A32E-4EC39C79A275}"
EndProject
Project("{FAE04EC0-301F-11D3-BF4B-00C04F79EFBC}") = "Tree_vo", "05_Eugene\Tree_vo\Tree_vo.csproj", "{E5C47852-DFBF-43FB-B454-3B91A2401188}"
EndProject
Project("{FAE04EC0-301F-11D3-BF4B-00C04F79EFBC}") = "my Class", "05_Eugene\my Class\my Class.csproj", "{6B2B243A-2B0F-445B-A9A4-2C3EA28C7563}"
EndProject
Project("{FAE04EC0-301F-11D3-BF4B-00C04F79EFBC}") = "ArreyGitVo", "05_Eugene\ArreyGitVo\ArreyGitVo.csproj", "{350FC579-F1C8-4203-9012-8F70230D95F1}"
EndProject
Project("{FAE04EC0-301F-11D3-BF4B-00C04F79EFBC}") = "UserProject", "09_Sergei\UserProject\UserProject.csproj", "{65D69F58-98D9-40BF-AF2A-286A83C873C2}"
EndProject
Project("{FAE04EC0-301F-11D3-BF4B-00C04F79EFBC}") = "Common", "Zoo\Common\Common.csproj", "{1901AA3F-0B22-4E0C-8BCA-81DDCA118A5E}"
EndProject
Project("{2150E333-8FDC-42A3-9474-1A3956D46DE8}") = "Zoo", "Zoo", "{99C6DAC1-1ED7-4695-A288-CACAE377577A}"
EndProject
Project("{FAE04EC0-301F-11D3-BF4B-00C04F79EFBC}") = "Прямокутник", "02_Igor\Прямокутник\Прямокутник\Прямокутник.csproj", "{97299D39-A18D-44CD-A7DD-4C6FA05E4F41}"
EndProject
Project("{FAE04EC0-301F-11D3-BF4B-00C04F79EFBC}") = "AnimeBrainWars", "08_Danila\AnimeBrainWars\AnimeBrainWars.csproj", "{8FFC924D-A0D0-4495-8DE2-231C68B34C21}"
EndProject
Project("{2150E333-8FDC-42A3-9474-1A3956D46DE8}") = "010", "010", "{F63BC395-CE98-4805-8393-3CC77A3F3D24}"
EndProject
Project("{FAE04EC0-301F-11D3-BF4B-00C04F79EFBC}") = "10_zoo", "CW\010\10_zoo\10_zoo.csproj", "{CB7E5406-63FA-4A5D-BF0D-91A1EE0AC611}"
EndProject
Project("{2150E333-8FDC-42A3-9474-1A3956D46DE8}") = "009", "009", "{F9C7DA25-1D85-4E50-A97E-A6E0FDF00BBA}"
EndProject
Project("{FAE04EC0-301F-11D3-BF4B-00C04F79EFBC}") = "09_prg_oop", "CW\009\09_prg_oop\09_prg_oop.csproj", "{CBE8A5C3-EBDD-45CE-BCF7-5489443E2FE0}"
EndProject
Project("{FAE04EC0-301F-11D3-BF4B-00C04F79EFBC}") = "10_Zoo", "09_Sergei\10_Zoo\10_Zoo.csproj", "{8B73982D-3376-4762-8A5A-15A13DFF4F47}"
EndProject
Project("{2150E333-8FDC-42A3-9474-1A3956D46DE8}") = "04_Artem", "04_Artem", "{29F49349-C713-4D13-A2FC-F542E79C0ACB}"
EndProject
Project("{FAE04EC0-301F-11D3-BF4B-00C04F79EFBC}") = "03_Calc", "04_Artem\03_Calc\03_Calc.csproj", "{3E81629E-7B40-4467-BFF8-8F3853F0E5DF}"
EndProject
Project("{FAE04EC0-301F-11D3-BF4B-00C04F79EFBC}") = "10_zoo", "02_Igor\10_zoo\10_zoo\10_zoo.csproj", "{4EB4CFE0-6E5C-49C6-9138-A65E35F32DF9}"
EndProject
Project("{FAE04EC0-301F-11D3-BF4B-00C04F79EFBC}") = "10_ZOOOOOO", "08_Danila\10_ZOOOOOO\10_ZOOOOOO.csproj", "{7CABFDC7-6AFD-478F-B98F-87C6B44B439D}"
EndProject
Project("{FAE04EC0-301F-11D3-BF4B-00C04F79EFBC}") = "10_zoo", "04_Artem\10_zoo\10_zoo.csproj", "{A809BC91-6F58-46E8-885B-234F61C2E283}"
EndProject
Project("{FAE04EC0-301F-11D3-BF4B-00C04F79EFBC}") = "10_Zoo_", "06_Jury\10_Zoo_\10_Zoo_.csproj", "{F99C6674-6DD3-494B-845F-1C74715AB8E8}"
EndProject
Project("{FAE04EC0-301F-11D3-BF4B-00C04F79EFBC}") = "10_zoo", "01_Vladimir\10_zoo\10_zoo\10_zoo\10_zoo.csproj", "{6E2827E8-BB38-4EFE-A284-DAF81B108C78}"
EndProject
Project("{FAE04EC0-301F-11D3-BF4B-00C04F79EFBC}") = "10_Zoo", "03_Oleg\10_Zoo\10_Zoo.csproj", "{008B6422-AB61-4238-8264-F51409F6DC83}"
EndProject
Project("{2150E333-8FDC-42A3-9474-1A3956D46DE8}") = "05_Shahymat", "05_Shahymat", "{5067D3A8-1664-4CF4-A672-A426893E90E5}"
EndProject
Project("{FAE04EC0-301F-11D3-BF4B-00C04F79EFBC}") = "Demok", "Demok\Demok.csproj", "{8956603B-9F2E-4758-BF16-62135FB6E2F5}"
EndProject
Project("{FAE04EC0-301F-11D3-BF4B-00C04F79EFBC}") = "10_calc_func", "06_Jury\10_calc_func\10_calc_func.csproj", "{5F07F05D-78EB-4BE8-9CDF-D120CAD1120C}"
EndProject
Project("{FAE04EC0-301F-11D3-BF4B-00C04F79EFBC}") = "Прямокутник (незаповнений)", "02_Igor\Прямокутник (незаповнений)\Прямокутник (незаповнений)\Прямокутник (незаповнений).csproj", "{7E35E1CC-B18A-46F1-9579-B66397EEE62A}"
EndProject
Global
	GlobalSection(SolutionConfigurationPlatforms) = preSolution
		Debug|Any CPU = Debug|Any CPU
		Release|Any CPU = Release|Any CPU
	EndGlobalSection
	GlobalSection(ProjectConfigurationPlatforms) = postSolution
		{BF709E5C-DD11-4F18-9993-9DE3C40598BB}.Debug|Any CPU.ActiveCfg = Debug|Any CPU
		{BF709E5C-DD11-4F18-9993-9DE3C40598BB}.Debug|Any CPU.Build.0 = Debug|Any CPU
		{BF709E5C-DD11-4F18-9993-9DE3C40598BB}.Release|Any CPU.ActiveCfg = Release|Any CPU
		{BF709E5C-DD11-4F18-9993-9DE3C40598BB}.Release|Any CPU.Build.0 = Release|Any CPU
		{B88C2F3B-71C5-4840-B425-78A4DD5E6657}.Debug|Any CPU.ActiveCfg = Debug|Any CPU
		{B88C2F3B-71C5-4840-B425-78A4DD5E6657}.Debug|Any CPU.Build.0 = Debug|Any CPU
		{B88C2F3B-71C5-4840-B425-78A4DD5E6657}.Release|Any CPU.ActiveCfg = Release|Any CPU
		{B88C2F3B-71C5-4840-B425-78A4DD5E6657}.Release|Any CPU.Build.0 = Release|Any CPU
		{47D82EAC-0CD5-45B2-A41D-063104749887}.Debug|Any CPU.ActiveCfg = Debug|Any CPU
		{47D82EAC-0CD5-45B2-A41D-063104749887}.Debug|Any CPU.Build.0 = Debug|Any CPU
		{47D82EAC-0CD5-45B2-A41D-063104749887}.Release|Any CPU.ActiveCfg = Release|Any CPU
		{47D82EAC-0CD5-45B2-A41D-063104749887}.Release|Any CPU.Build.0 = Release|Any CPU
		{5E103080-AFC1-4393-BB60-CC2DC81C466A}.Debug|Any CPU.ActiveCfg = Debug|Any CPU
		{5E103080-AFC1-4393-BB60-CC2DC81C466A}.Debug|Any CPU.Build.0 = Debug|Any CPU
		{5E103080-AFC1-4393-BB60-CC2DC81C466A}.Release|Any CPU.ActiveCfg = Release|Any CPU
		{5E103080-AFC1-4393-BB60-CC2DC81C466A}.Release|Any CPU.Build.0 = Release|Any CPU
		{D869010E-57A1-4979-8C27-D4911AB527B0}.Debug|Any CPU.ActiveCfg = Debug|Any CPU
		{D869010E-57A1-4979-8C27-D4911AB527B0}.Debug|Any CPU.Build.0 = Debug|Any CPU
		{D869010E-57A1-4979-8C27-D4911AB527B0}.Release|Any CPU.ActiveCfg = Release|Any CPU
		{D869010E-57A1-4979-8C27-D4911AB527B0}.Release|Any CPU.Build.0 = Release|Any CPU
		{7879E73B-D017-4056-8DB4-34193668287D}.Debug|Any CPU.ActiveCfg = Debug|Any CPU
		{7879E73B-D017-4056-8DB4-34193668287D}.Debug|Any CPU.Build.0 = Debug|Any CPU
		{7879E73B-D017-4056-8DB4-34193668287D}.Release|Any CPU.ActiveCfg = Release|Any CPU
		{7879E73B-D017-4056-8DB4-34193668287D}.Release|Any CPU.Build.0 = Release|Any CPU
		{79D30B8F-D5F9-49A7-961A-693ADF7FCBD2}.Debug|Any CPU.ActiveCfg = Debug|Any CPU
		{79D30B8F-D5F9-49A7-961A-693ADF7FCBD2}.Debug|Any CPU.Build.0 = Debug|Any CPU
		{79D30B8F-D5F9-49A7-961A-693ADF7FCBD2}.Release|Any CPU.ActiveCfg = Release|Any CPU
		{79D30B8F-D5F9-49A7-961A-693ADF7FCBD2}.Release|Any CPU.Build.0 = Release|Any CPU
		{D8493A00-36BF-4817-A9F5-2799F72E9D57}.Debug|Any CPU.ActiveCfg = Debug|Any CPU
		{D8493A00-36BF-4817-A9F5-2799F72E9D57}.Debug|Any CPU.Build.0 = Debug|Any CPU
		{D8493A00-36BF-4817-A9F5-2799F72E9D57}.Release|Any CPU.ActiveCfg = Release|Any CPU
		{D8493A00-36BF-4817-A9F5-2799F72E9D57}.Release|Any CPU.Build.0 = Release|Any CPU
		{1309A919-AE01-4AF7-974A-246AADD2D892}.Debug|Any CPU.ActiveCfg = Debug|Any CPU
		{1309A919-AE01-4AF7-974A-246AADD2D892}.Debug|Any CPU.Build.0 = Debug|Any CPU
		{1309A919-AE01-4AF7-974A-246AADD2D892}.Release|Any CPU.ActiveCfg = Release|Any CPU
		{1309A919-AE01-4AF7-974A-246AADD2D892}.Release|Any CPU.Build.0 = Release|Any CPU
		{E3263167-A675-47FC-857D-4B7342A1236D}.Debug|Any CPU.ActiveCfg = Debug|Any CPU
		{E3263167-A675-47FC-857D-4B7342A1236D}.Debug|Any CPU.Build.0 = Debug|Any CPU
		{E3263167-A675-47FC-857D-4B7342A1236D}.Release|Any CPU.ActiveCfg = Release|Any CPU
		{E3263167-A675-47FC-857D-4B7342A1236D}.Release|Any CPU.Build.0 = Release|Any CPU
		{B9AD3527-94CD-412D-AE7C-B9C51BC06C4A}.Debug|Any CPU.ActiveCfg = Debug|Any CPU
		{B9AD3527-94CD-412D-AE7C-B9C51BC06C4A}.Debug|Any CPU.Build.0 = Debug|Any CPU
		{B9AD3527-94CD-412D-AE7C-B9C51BC06C4A}.Release|Any CPU.ActiveCfg = Release|Any CPU
		{B9AD3527-94CD-412D-AE7C-B9C51BC06C4A}.Release|Any CPU.Build.0 = Release|Any CPU
		{97F391CB-3451-4EB4-BB3E-D4E4115C5B7F}.Debug|Any CPU.ActiveCfg = Debug|Any CPU
		{97F391CB-3451-4EB4-BB3E-D4E4115C5B7F}.Debug|Any CPU.Build.0 = Debug|Any CPU
		{97F391CB-3451-4EB4-BB3E-D4E4115C5B7F}.Release|Any CPU.ActiveCfg = Release|Any CPU
		{97F391CB-3451-4EB4-BB3E-D4E4115C5B7F}.Release|Any CPU.Build.0 = Release|Any CPU
		{93ECD0FC-BB38-4BAF-8D54-486840040089}.Debug|Any CPU.ActiveCfg = Debug|Any CPU
		{93ECD0FC-BB38-4BAF-8D54-486840040089}.Debug|Any CPU.Build.0 = Debug|Any CPU
		{93ECD0FC-BB38-4BAF-8D54-486840040089}.Release|Any CPU.ActiveCfg = Release|Any CPU
		{93ECD0FC-BB38-4BAF-8D54-486840040089}.Release|Any CPU.Build.0 = Release|Any CPU
		{0C4F5E8F-B2DC-40CB-8466-7839B5EB9385}.Debug|Any CPU.ActiveCfg = Debug|Any CPU
		{0C4F5E8F-B2DC-40CB-8466-7839B5EB9385}.Debug|Any CPU.Build.0 = Debug|Any CPU
		{0C4F5E8F-B2DC-40CB-8466-7839B5EB9385}.Release|Any CPU.ActiveCfg = Release|Any CPU
		{0C4F5E8F-B2DC-40CB-8466-7839B5EB9385}.Release|Any CPU.Build.0 = Release|Any CPU
		{D7B397F6-A632-4B16-95C0-56B75FFDCF44}.Debug|Any CPU.ActiveCfg = Debug|Any CPU
		{D7B397F6-A632-4B16-95C0-56B75FFDCF44}.Debug|Any CPU.Build.0 = Debug|Any CPU
		{D7B397F6-A632-4B16-95C0-56B75FFDCF44}.Release|Any CPU.ActiveCfg = Release|Any CPU
		{D7B397F6-A632-4B16-95C0-56B75FFDCF44}.Release|Any CPU.Build.0 = Release|Any CPU
		{09019C77-ABFA-4ACB-8A9E-2342FE2ADD61}.Debug|Any CPU.ActiveCfg = Debug|Any CPU
		{09019C77-ABFA-4ACB-8A9E-2342FE2ADD61}.Debug|Any CPU.Build.0 = Debug|Any CPU
		{09019C77-ABFA-4ACB-8A9E-2342FE2ADD61}.Release|Any CPU.ActiveCfg = Release|Any CPU
		{09019C77-ABFA-4ACB-8A9E-2342FE2ADD61}.Release|Any CPU.Build.0 = Release|Any CPU
		{A5BEF718-97AC-403E-9752-C1DD29B761AB}.Debug|Any CPU.ActiveCfg = Debug|Any CPU
		{A5BEF718-97AC-403E-9752-C1DD29B761AB}.Debug|Any CPU.Build.0 = Debug|Any CPU
		{A5BEF718-97AC-403E-9752-C1DD29B761AB}.Release|Any CPU.ActiveCfg = Release|Any CPU
		{A5BEF718-97AC-403E-9752-C1DD29B761AB}.Release|Any CPU.Build.0 = Release|Any CPU
		{C5C444E2-3FD9-4B10-B9B2-D1974D74C088}.Debug|Any CPU.ActiveCfg = Debug|Any CPU
		{C5C444E2-3FD9-4B10-B9B2-D1974D74C088}.Debug|Any CPU.Build.0 = Debug|Any CPU
		{C5C444E2-3FD9-4B10-B9B2-D1974D74C088}.Release|Any CPU.ActiveCfg = Release|Any CPU
		{C5C444E2-3FD9-4B10-B9B2-D1974D74C088}.Release|Any CPU.Build.0 = Release|Any CPU
		{1D7F64A3-8D61-4747-A525-41F00CC743C9}.Debug|Any CPU.ActiveCfg = Debug|Any CPU
		{1D7F64A3-8D61-4747-A525-41F00CC743C9}.Debug|Any CPU.Build.0 = Debug|Any CPU
		{1D7F64A3-8D61-4747-A525-41F00CC743C9}.Release|Any CPU.ActiveCfg = Release|Any CPU
		{1D7F64A3-8D61-4747-A525-41F00CC743C9}.Release|Any CPU.Build.0 = Release|Any CPU
		{48B2F972-22E2-4A10-8174-8E6A878AB2A0}.Debug|Any CPU.ActiveCfg = Debug|Any CPU
		{48B2F972-22E2-4A10-8174-8E6A878AB2A0}.Debug|Any CPU.Build.0 = Debug|Any CPU
		{48B2F972-22E2-4A10-8174-8E6A878AB2A0}.Release|Any CPU.ActiveCfg = Release|Any CPU
		{48B2F972-22E2-4A10-8174-8E6A878AB2A0}.Release|Any CPU.Build.0 = Release|Any CPU
		{C2B225B5-6FB5-40C4-B8E6-55445302BA91}.Debug|Any CPU.ActiveCfg = Debug|Any CPU
		{C2B225B5-6FB5-40C4-B8E6-55445302BA91}.Debug|Any CPU.Build.0 = Debug|Any CPU
		{C2B225B5-6FB5-40C4-B8E6-55445302BA91}.Release|Any CPU.ActiveCfg = Release|Any CPU
		{C2B225B5-6FB5-40C4-B8E6-55445302BA91}.Release|Any CPU.Build.0 = Release|Any CPU
		{206F1F78-306F-48E3-98F9-51AA35F050A8}.Debug|Any CPU.ActiveCfg = Debug|Any CPU
		{206F1F78-306F-48E3-98F9-51AA35F050A8}.Debug|Any CPU.Build.0 = Debug|Any CPU
		{206F1F78-306F-48E3-98F9-51AA35F050A8}.Release|Any CPU.ActiveCfg = Release|Any CPU
		{206F1F78-306F-48E3-98F9-51AA35F050A8}.Release|Any CPU.Build.0 = Release|Any CPU
		{C6854A9A-81F0-4542-A603-CF284860E9D3}.Debug|Any CPU.ActiveCfg = Debug|Any CPU
		{C6854A9A-81F0-4542-A603-CF284860E9D3}.Debug|Any CPU.Build.0 = Debug|Any CPU
		{C6854A9A-81F0-4542-A603-CF284860E9D3}.Release|Any CPU.ActiveCfg = Release|Any CPU
		{C6854A9A-81F0-4542-A603-CF284860E9D3}.Release|Any CPU.Build.0 = Release|Any CPU
		{9D1A9ADE-4F4D-4470-BBD0-3252E073F434}.Debug|Any CPU.ActiveCfg = Debug|Any CPU
		{9D1A9ADE-4F4D-4470-BBD0-3252E073F434}.Debug|Any CPU.Build.0 = Debug|Any CPU
		{9D1A9ADE-4F4D-4470-BBD0-3252E073F434}.Release|Any CPU.ActiveCfg = Release|Any CPU
		{9D1A9ADE-4F4D-4470-BBD0-3252E073F434}.Release|Any CPU.Build.0 = Release|Any CPU
		{250A3168-AEB8-47EA-8108-E1A32C3B0248}.Debug|Any CPU.ActiveCfg = Debug|Any CPU
		{250A3168-AEB8-47EA-8108-E1A32C3B0248}.Debug|Any CPU.Build.0 = Debug|Any CPU
		{250A3168-AEB8-47EA-8108-E1A32C3B0248}.Release|Any CPU.ActiveCfg = Release|Any CPU
		{250A3168-AEB8-47EA-8108-E1A32C3B0248}.Release|Any CPU.Build.0 = Release|Any CPU
		{75E2AA77-2533-4BFE-9A71-9C5FF015F740}.Debug|Any CPU.ActiveCfg = Debug|Any CPU
		{75E2AA77-2533-4BFE-9A71-9C5FF015F740}.Debug|Any CPU.Build.0 = Debug|Any CPU
		{75E2AA77-2533-4BFE-9A71-9C5FF015F740}.Release|Any CPU.ActiveCfg = Release|Any CPU
		{75E2AA77-2533-4BFE-9A71-9C5FF015F740}.Release|Any CPU.Build.0 = Release|Any CPU
		{5EBCB432-B2F8-4D5C-A0D3-FDF02239D0BD}.Debug|Any CPU.ActiveCfg = Debug|Any CPU
		{5EBCB432-B2F8-4D5C-A0D3-FDF02239D0BD}.Debug|Any CPU.Build.0 = Debug|Any CPU
		{5EBCB432-B2F8-4D5C-A0D3-FDF02239D0BD}.Release|Any CPU.ActiveCfg = Release|Any CPU
		{5EBCB432-B2F8-4D5C-A0D3-FDF02239D0BD}.Release|Any CPU.Build.0 = Release|Any CPU
		{08C6F6E1-F01F-4FF3-8932-515ADE7F4C19}.Debug|Any CPU.ActiveCfg = Debug|Any CPU
		{08C6F6E1-F01F-4FF3-8932-515ADE7F4C19}.Debug|Any CPU.Build.0 = Debug|Any CPU
		{08C6F6E1-F01F-4FF3-8932-515ADE7F4C19}.Release|Any CPU.ActiveCfg = Release|Any CPU
		{08C6F6E1-F01F-4FF3-8932-515ADE7F4C19}.Release|Any CPU.Build.0 = Release|Any CPU
		{1EB0CF14-7D0D-42A1-B553-4EA2A5002C72}.Debug|Any CPU.ActiveCfg = Debug|Any CPU
		{1EB0CF14-7D0D-42A1-B553-4EA2A5002C72}.Debug|Any CPU.Build.0 = Debug|Any CPU
		{1EB0CF14-7D0D-42A1-B553-4EA2A5002C72}.Release|Any CPU.ActiveCfg = Release|Any CPU
		{1EB0CF14-7D0D-42A1-B553-4EA2A5002C72}.Release|Any CPU.Build.0 = Release|Any CPU
		{4CCA9B3F-2B6F-4281-9626-2587D1ADA494}.Debug|Any CPU.ActiveCfg = Debug|Any CPU
		{4CCA9B3F-2B6F-4281-9626-2587D1ADA494}.Debug|Any CPU.Build.0 = Debug|Any CPU
		{4CCA9B3F-2B6F-4281-9626-2587D1ADA494}.Release|Any CPU.ActiveCfg = Release|Any CPU
		{4CCA9B3F-2B6F-4281-9626-2587D1ADA494}.Release|Any CPU.Build.0 = Release|Any CPU
		{27ADABFA-11D9-4D2F-B2F7-A5DB0F97C15D}.Debug|Any CPU.ActiveCfg = Debug|Any CPU
		{27ADABFA-11D9-4D2F-B2F7-A5DB0F97C15D}.Debug|Any CPU.Build.0 = Debug|Any CPU
		{27ADABFA-11D9-4D2F-B2F7-A5DB0F97C15D}.Release|Any CPU.ActiveCfg = Release|Any CPU
		{27ADABFA-11D9-4D2F-B2F7-A5DB0F97C15D}.Release|Any CPU.Build.0 = Release|Any CPU
		{500BD8CF-41EC-4EBF-9B57-31D0CE191251}.Debug|Any CPU.ActiveCfg = Debug|Any CPU
		{500BD8CF-41EC-4EBF-9B57-31D0CE191251}.Debug|Any CPU.Build.0 = Debug|Any CPU
		{500BD8CF-41EC-4EBF-9B57-31D0CE191251}.Release|Any CPU.ActiveCfg = Release|Any CPU
		{500BD8CF-41EC-4EBF-9B57-31D0CE191251}.Release|Any CPU.Build.0 = Release|Any CPU
		{CD0C396F-1B3A-4AC0-876B-13B9B29D9920}.Debug|Any CPU.ActiveCfg = Debug|Any CPU
		{CD0C396F-1B3A-4AC0-876B-13B9B29D9920}.Debug|Any CPU.Build.0 = Debug|Any CPU
		{CD0C396F-1B3A-4AC0-876B-13B9B29D9920}.Release|Any CPU.ActiveCfg = Release|Any CPU
		{CD0C396F-1B3A-4AC0-876B-13B9B29D9920}.Release|Any CPU.Build.0 = Release|Any CPU
		{3166FE79-4A48-49C2-8C07-C4BF9A4063A9}.Debug|Any CPU.ActiveCfg = Debug|Any CPU
		{3166FE79-4A48-49C2-8C07-C4BF9A4063A9}.Debug|Any CPU.Build.0 = Debug|Any CPU
		{3166FE79-4A48-49C2-8C07-C4BF9A4063A9}.Release|Any CPU.ActiveCfg = Release|Any CPU
		{3166FE79-4A48-49C2-8C07-C4BF9A4063A9}.Release|Any CPU.Build.0 = Release|Any CPU
		{C6C53632-D5F1-41BE-B4B6-3EA7C5362E75}.Debug|Any CPU.ActiveCfg = Debug|Any CPU
		{C6C53632-D5F1-41BE-B4B6-3EA7C5362E75}.Debug|Any CPU.Build.0 = Debug|Any CPU
		{C6C53632-D5F1-41BE-B4B6-3EA7C5362E75}.Release|Any CPU.ActiveCfg = Release|Any CPU
		{C6C53632-D5F1-41BE-B4B6-3EA7C5362E75}.Release|Any CPU.Build.0 = Release|Any CPU
		{E8D44CCC-54E9-4BAD-A726-D9D2A5A13250}.Debug|Any CPU.ActiveCfg = Debug|Any CPU
		{E8D44CCC-54E9-4BAD-A726-D9D2A5A13250}.Debug|Any CPU.Build.0 = Debug|Any CPU
		{E8D44CCC-54E9-4BAD-A726-D9D2A5A13250}.Release|Any CPU.ActiveCfg = Release|Any CPU
		{E8D44CCC-54E9-4BAD-A726-D9D2A5A13250}.Release|Any CPU.Build.0 = Release|Any CPU
		{E3DBB56D-DD13-4145-8441-EE8937DA0431}.Debug|Any CPU.ActiveCfg = Debug|Any CPU
		{E3DBB56D-DD13-4145-8441-EE8937DA0431}.Debug|Any CPU.Build.0 = Debug|Any CPU
		{E3DBB56D-DD13-4145-8441-EE8937DA0431}.Release|Any CPU.ActiveCfg = Release|Any CPU
		{E3DBB56D-DD13-4145-8441-EE8937DA0431}.Release|Any CPU.Build.0 = Release|Any CPU
		{A37E0788-2DC2-4C01-9710-21E873C6E434}.Debug|Any CPU.ActiveCfg = Debug|Any CPU
		{A37E0788-2DC2-4C01-9710-21E873C6E434}.Debug|Any CPU.Build.0 = Debug|Any CPU
		{A37E0788-2DC2-4C01-9710-21E873C6E434}.Release|Any CPU.ActiveCfg = Release|Any CPU
		{A37E0788-2DC2-4C01-9710-21E873C6E434}.Release|Any CPU.Build.0 = Release|Any CPU
		{D8EE5503-88B8-4136-BCDD-493FAEC1A711}.Debug|Any CPU.ActiveCfg = Debug|Any CPU
		{D8EE5503-88B8-4136-BCDD-493FAEC1A711}.Debug|Any CPU.Build.0 = Debug|Any CPU
		{D8EE5503-88B8-4136-BCDD-493FAEC1A711}.Release|Any CPU.ActiveCfg = Release|Any CPU
		{D8EE5503-88B8-4136-BCDD-493FAEC1A711}.Release|Any CPU.Build.0 = Release|Any CPU
		{A44F3A50-B55C-478B-BB2E-281813524BB2}.Debug|Any CPU.ActiveCfg = Debug|Any CPU
		{A44F3A50-B55C-478B-BB2E-281813524BB2}.Debug|Any CPU.Build.0 = Debug|Any CPU
		{A44F3A50-B55C-478B-BB2E-281813524BB2}.Release|Any CPU.ActiveCfg = Release|Any CPU
		{A44F3A50-B55C-478B-BB2E-281813524BB2}.Release|Any CPU.Build.0 = Release|Any CPU
		{944EDE31-38EB-4A4C-B8A3-4FAEF98C9ECA}.Debug|Any CPU.ActiveCfg = Debug|Any CPU
		{944EDE31-38EB-4A4C-B8A3-4FAEF98C9ECA}.Debug|Any CPU.Build.0 = Debug|Any CPU
		{944EDE31-38EB-4A4C-B8A3-4FAEF98C9ECA}.Release|Any CPU.ActiveCfg = Release|Any CPU
		{944EDE31-38EB-4A4C-B8A3-4FAEF98C9ECA}.Release|Any CPU.Build.0 = Release|Any CPU
		{20297FF4-3DEA-4A36-A63F-F00375AD6B4B}.Debug|Any CPU.ActiveCfg = Debug|Any CPU
		{20297FF4-3DEA-4A36-A63F-F00375AD6B4B}.Debug|Any CPU.Build.0 = Debug|Any CPU
		{20297FF4-3DEA-4A36-A63F-F00375AD6B4B}.Release|Any CPU.ActiveCfg = Release|Any CPU
		{20297FF4-3DEA-4A36-A63F-F00375AD6B4B}.Release|Any CPU.Build.0 = Release|Any CPU
		{DA31DBFE-586C-4D31-AEC5-EA9F28C03CE6}.Debug|Any CPU.ActiveCfg = Debug|Any CPU
		{DA31DBFE-586C-4D31-AEC5-EA9F28C03CE6}.Debug|Any CPU.Build.0 = Debug|Any CPU
		{DA31DBFE-586C-4D31-AEC5-EA9F28C03CE6}.Release|Any CPU.ActiveCfg = Release|Any CPU
		{DA31DBFE-586C-4D31-AEC5-EA9F28C03CE6}.Release|Any CPU.Build.0 = Release|Any CPU
		{2E29944B-04A9-498E-B1F5-76A1A004BCDB}.Debug|Any CPU.ActiveCfg = Debug|Any CPU
		{2E29944B-04A9-498E-B1F5-76A1A004BCDB}.Debug|Any CPU.Build.0 = Debug|Any CPU
		{2E29944B-04A9-498E-B1F5-76A1A004BCDB}.Release|Any CPU.ActiveCfg = Release|Any CPU
		{2E29944B-04A9-498E-B1F5-76A1A004BCDB}.Release|Any CPU.Build.0 = Release|Any CPU
		{BF5E693E-1126-42A2-B7BA-8B5D4D6EAE4A}.Debug|Any CPU.ActiveCfg = Debug|Any CPU
		{BF5E693E-1126-42A2-B7BA-8B5D4D6EAE4A}.Debug|Any CPU.Build.0 = Debug|Any CPU
		{BF5E693E-1126-42A2-B7BA-8B5D4D6EAE4A}.Release|Any CPU.ActiveCfg = Release|Any CPU
		{BF5E693E-1126-42A2-B7BA-8B5D4D6EAE4A}.Release|Any CPU.Build.0 = Release|Any CPU
		{94F4541A-AAE0-4A53-B99E-1EF63075B663}.Debug|Any CPU.ActiveCfg = Debug|Any CPU
		{94F4541A-AAE0-4A53-B99E-1EF63075B663}.Debug|Any CPU.Build.0 = Debug|Any CPU
		{94F4541A-AAE0-4A53-B99E-1EF63075B663}.Release|Any CPU.ActiveCfg = Release|Any CPU
		{94F4541A-AAE0-4A53-B99E-1EF63075B663}.Release|Any CPU.Build.0 = Release|Any CPU
		{3D585759-1716-49D9-9379-5491238785DF}.Debug|Any CPU.ActiveCfg = Debug|Any CPU
		{3D585759-1716-49D9-9379-5491238785DF}.Debug|Any CPU.Build.0 = Debug|Any CPU
		{3D585759-1716-49D9-9379-5491238785DF}.Release|Any CPU.ActiveCfg = Release|Any CPU
		{3D585759-1716-49D9-9379-5491238785DF}.Release|Any CPU.Build.0 = Release|Any CPU
		{D1DDEC54-9B11-4EF2-AC4B-F87A3F8C0940}.Debug|Any CPU.ActiveCfg = Debug|Any CPU
		{D1DDEC54-9B11-4EF2-AC4B-F87A3F8C0940}.Debug|Any CPU.Build.0 = Debug|Any CPU
		{D1DDEC54-9B11-4EF2-AC4B-F87A3F8C0940}.Release|Any CPU.ActiveCfg = Release|Any CPU
		{D1DDEC54-9B11-4EF2-AC4B-F87A3F8C0940}.Release|Any CPU.Build.0 = Release|Any CPU
		{8D02079D-3BC5-407C-8033-5BBDB78E9BCF}.Debug|Any CPU.ActiveCfg = Debug|Any CPU
		{8D02079D-3BC5-407C-8033-5BBDB78E9BCF}.Debug|Any CPU.Build.0 = Debug|Any CPU
		{8D02079D-3BC5-407C-8033-5BBDB78E9BCF}.Release|Any CPU.ActiveCfg = Release|Any CPU
		{8D02079D-3BC5-407C-8033-5BBDB78E9BCF}.Release|Any CPU.Build.0 = Release|Any CPU
		{68C3FF31-45F3-47F1-89AB-7E0BC3C1A07A}.Debug|Any CPU.ActiveCfg = Debug|Any CPU
		{68C3FF31-45F3-47F1-89AB-7E0BC3C1A07A}.Debug|Any CPU.Build.0 = Debug|Any CPU
		{68C3FF31-45F3-47F1-89AB-7E0BC3C1A07A}.Release|Any CPU.ActiveCfg = Release|Any CPU
		{68C3FF31-45F3-47F1-89AB-7E0BC3C1A07A}.Release|Any CPU.Build.0 = Release|Any CPU
		{E88B5184-44DE-4D94-8F5F-FCD8BAEEC37B}.Debug|Any CPU.ActiveCfg = Debug|Any CPU
		{E88B5184-44DE-4D94-8F5F-FCD8BAEEC37B}.Debug|Any CPU.Build.0 = Debug|Any CPU
		{E88B5184-44DE-4D94-8F5F-FCD8BAEEC37B}.Release|Any CPU.ActiveCfg = Release|Any CPU
		{E88B5184-44DE-4D94-8F5F-FCD8BAEEC37B}.Release|Any CPU.Build.0 = Release|Any CPU
		{6EBF4376-50F5-4D3E-B74A-87763C386BE6}.Debug|Any CPU.ActiveCfg = Debug|Any CPU
		{6EBF4376-50F5-4D3E-B74A-87763C386BE6}.Debug|Any CPU.Build.0 = Debug|Any CPU
		{6EBF4376-50F5-4D3E-B74A-87763C386BE6}.Release|Any CPU.ActiveCfg = Release|Any CPU
		{6EBF4376-50F5-4D3E-B74A-87763C386BE6}.Release|Any CPU.Build.0 = Release|Any CPU
		{BCF54BB2-F945-4120-9F5C-8AB05F4FB200}.Debug|Any CPU.ActiveCfg = Debug|Any CPU
		{BCF54BB2-F945-4120-9F5C-8AB05F4FB200}.Debug|Any CPU.Build.0 = Debug|Any CPU
		{BCF54BB2-F945-4120-9F5C-8AB05F4FB200}.Release|Any CPU.ActiveCfg = Release|Any CPU
		{BCF54BB2-F945-4120-9F5C-8AB05F4FB200}.Release|Any CPU.Build.0 = Release|Any CPU
		{D4AF233B-0824-4228-AFB3-5897AF33A7D9}.Debug|Any CPU.ActiveCfg = Debug|Any CPU
		{D4AF233B-0824-4228-AFB3-5897AF33A7D9}.Debug|Any CPU.Build.0 = Debug|Any CPU
		{D4AF233B-0824-4228-AFB3-5897AF33A7D9}.Release|Any CPU.ActiveCfg = Release|Any CPU
		{D4AF233B-0824-4228-AFB3-5897AF33A7D9}.Release|Any CPU.Build.0 = Release|Any CPU
		{B321A6C3-7F60-42C1-A1C2-B16DD692E707}.Debug|Any CPU.ActiveCfg = Debug|Any CPU
		{B321A6C3-7F60-42C1-A1C2-B16DD692E707}.Debug|Any CPU.Build.0 = Debug|Any CPU
		{B321A6C3-7F60-42C1-A1C2-B16DD692E707}.Release|Any CPU.ActiveCfg = Release|Any CPU
		{B321A6C3-7F60-42C1-A1C2-B16DD692E707}.Release|Any CPU.Build.0 = Release|Any CPU
		{DFD0208C-3CBB-437D-A898-1E10EBDEAB54}.Debug|Any CPU.ActiveCfg = Debug|Any CPU
		{DFD0208C-3CBB-437D-A898-1E10EBDEAB54}.Debug|Any CPU.Build.0 = Debug|Any CPU
		{DFD0208C-3CBB-437D-A898-1E10EBDEAB54}.Release|Any CPU.ActiveCfg = Release|Any CPU
		{DFD0208C-3CBB-437D-A898-1E10EBDEAB54}.Release|Any CPU.Build.0 = Release|Any CPU
		{46B8B1AB-DF19-4332-81F4-829A4C7615AE}.Debug|Any CPU.ActiveCfg = Debug|Any CPU
		{46B8B1AB-DF19-4332-81F4-829A4C7615AE}.Debug|Any CPU.Build.0 = Debug|Any CPU
		{46B8B1AB-DF19-4332-81F4-829A4C7615AE}.Release|Any CPU.ActiveCfg = Release|Any CPU
		{46B8B1AB-DF19-4332-81F4-829A4C7615AE}.Release|Any CPU.Build.0 = Release|Any CPU
		{E11346DA-5B36-40B5-8750-B91C9DAD175C}.Debug|Any CPU.ActiveCfg = Debug|Any CPU
		{E11346DA-5B36-40B5-8750-B91C9DAD175C}.Debug|Any CPU.Build.0 = Debug|Any CPU
		{E11346DA-5B36-40B5-8750-B91C9DAD175C}.Release|Any CPU.ActiveCfg = Release|Any CPU
		{E11346DA-5B36-40B5-8750-B91C9DAD175C}.Release|Any CPU.Build.0 = Release|Any CPU
		{D617A7ED-9B03-49AF-B96E-A03C28C55073}.Debug|Any CPU.ActiveCfg = Debug|Any CPU
		{D617A7ED-9B03-49AF-B96E-A03C28C55073}.Debug|Any CPU.Build.0 = Debug|Any CPU
		{D617A7ED-9B03-49AF-B96E-A03C28C55073}.Release|Any CPU.ActiveCfg = Release|Any CPU
		{D617A7ED-9B03-49AF-B96E-A03C28C55073}.Release|Any CPU.Build.0 = Release|Any CPU
		{50FDA905-9809-46AD-AD34-2C6A5B99A8EE}.Debug|Any CPU.ActiveCfg = Debug|Any CPU
		{50FDA905-9809-46AD-AD34-2C6A5B99A8EE}.Debug|Any CPU.Build.0 = Debug|Any CPU
		{50FDA905-9809-46AD-AD34-2C6A5B99A8EE}.Release|Any CPU.ActiveCfg = Release|Any CPU
		{50FDA905-9809-46AD-AD34-2C6A5B99A8EE}.Release|Any CPU.Build.0 = Release|Any CPU
		{C38844EE-CE24-47DA-BC6F-C2E02A7EB852}.Debug|Any CPU.ActiveCfg = Debug|Any CPU
		{C38844EE-CE24-47DA-BC6F-C2E02A7EB852}.Debug|Any CPU.Build.0 = Debug|Any CPU
		{C38844EE-CE24-47DA-BC6F-C2E02A7EB852}.Release|Any CPU.ActiveCfg = Release|Any CPU
		{C38844EE-CE24-47DA-BC6F-C2E02A7EB852}.Release|Any CPU.Build.0 = Release|Any CPU
		{FD8C1AA4-8756-4D3B-A32E-4EC39C79A275}.Debug|Any CPU.ActiveCfg = Debug|Any CPU
		{FD8C1AA4-8756-4D3B-A32E-4EC39C79A275}.Debug|Any CPU.Build.0 = Debug|Any CPU
		{FD8C1AA4-8756-4D3B-A32E-4EC39C79A275}.Release|Any CPU.ActiveCfg = Release|Any CPU
		{FD8C1AA4-8756-4D3B-A32E-4EC39C79A275}.Release|Any CPU.Build.0 = Release|Any CPU
		{E5C47852-DFBF-43FB-B454-3B91A2401188}.Debug|Any CPU.ActiveCfg = Debug|Any CPU
		{E5C47852-DFBF-43FB-B454-3B91A2401188}.Debug|Any CPU.Build.0 = Debug|Any CPU
		{E5C47852-DFBF-43FB-B454-3B91A2401188}.Release|Any CPU.ActiveCfg = Release|Any CPU
		{E5C47852-DFBF-43FB-B454-3B91A2401188}.Release|Any CPU.Build.0 = Release|Any CPU
		{6B2B243A-2B0F-445B-A9A4-2C3EA28C7563}.Debug|Any CPU.ActiveCfg = Debug|Any CPU
		{6B2B243A-2B0F-445B-A9A4-2C3EA28C7563}.Debug|Any CPU.Build.0 = Debug|Any CPU
		{6B2B243A-2B0F-445B-A9A4-2C3EA28C7563}.Release|Any CPU.ActiveCfg = Release|Any CPU
		{6B2B243A-2B0F-445B-A9A4-2C3EA28C7563}.Release|Any CPU.Build.0 = Release|Any CPU
		{350FC579-F1C8-4203-9012-8F70230D95F1}.Debug|Any CPU.ActiveCfg = Debug|Any CPU
		{350FC579-F1C8-4203-9012-8F70230D95F1}.Debug|Any CPU.Build.0 = Debug|Any CPU
		{350FC579-F1C8-4203-9012-8F70230D95F1}.Release|Any CPU.ActiveCfg = Release|Any CPU
		{350FC579-F1C8-4203-9012-8F70230D95F1}.Release|Any CPU.Build.0 = Release|Any CPU
		{65D69F58-98D9-40BF-AF2A-286A83C873C2}.Debug|Any CPU.ActiveCfg = Debug|Any CPU
		{65D69F58-98D9-40BF-AF2A-286A83C873C2}.Debug|Any CPU.Build.0 = Debug|Any CPU
		{65D69F58-98D9-40BF-AF2A-286A83C873C2}.Release|Any CPU.ActiveCfg = Release|Any CPU
		{65D69F58-98D9-40BF-AF2A-286A83C873C2}.Release|Any CPU.Build.0 = Release|Any CPU
		{1901AA3F-0B22-4E0C-8BCA-81DDCA118A5E}.Debug|Any CPU.ActiveCfg = Debug|Any CPU
		{1901AA3F-0B22-4E0C-8BCA-81DDCA118A5E}.Debug|Any CPU.Build.0 = Debug|Any CPU
		{1901AA3F-0B22-4E0C-8BCA-81DDCA118A5E}.Release|Any CPU.ActiveCfg = Release|Any CPU
		{1901AA3F-0B22-4E0C-8BCA-81DDCA118A5E}.Release|Any CPU.Build.0 = Release|Any CPU
		{97299D39-A18D-44CD-A7DD-4C6FA05E4F41}.Debug|Any CPU.ActiveCfg = Debug|Any CPU
		{97299D39-A18D-44CD-A7DD-4C6FA05E4F41}.Debug|Any CPU.Build.0 = Debug|Any CPU
		{97299D39-A18D-44CD-A7DD-4C6FA05E4F41}.Release|Any CPU.ActiveCfg = Release|Any CPU
		{97299D39-A18D-44CD-A7DD-4C6FA05E4F41}.Release|Any CPU.Build.0 = Release|Any CPU
		{8FFC924D-A0D0-4495-8DE2-231C68B34C21}.Debug|Any CPU.ActiveCfg = Debug|Any CPU
		{8FFC924D-A0D0-4495-8DE2-231C68B34C21}.Debug|Any CPU.Build.0 = Debug|Any CPU
		{8FFC924D-A0D0-4495-8DE2-231C68B34C21}.Release|Any CPU.ActiveCfg = Release|Any CPU
		{8FFC924D-A0D0-4495-8DE2-231C68B34C21}.Release|Any CPU.Build.0 = Release|Any CPU
		{CB7E5406-63FA-4A5D-BF0D-91A1EE0AC611}.Debug|Any CPU.ActiveCfg = Debug|Any CPU
		{CB7E5406-63FA-4A5D-BF0D-91A1EE0AC611}.Debug|Any CPU.Build.0 = Debug|Any CPU
		{CB7E5406-63FA-4A5D-BF0D-91A1EE0AC611}.Release|Any CPU.ActiveCfg = Release|Any CPU
		{CB7E5406-63FA-4A5D-BF0D-91A1EE0AC611}.Release|Any CPU.Build.0 = Release|Any CPU
		{CBE8A5C3-EBDD-45CE-BCF7-5489443E2FE0}.Debug|Any CPU.ActiveCfg = Debug|Any CPU
		{CBE8A5C3-EBDD-45CE-BCF7-5489443E2FE0}.Debug|Any CPU.Build.0 = Debug|Any CPU
		{CBE8A5C3-EBDD-45CE-BCF7-5489443E2FE0}.Release|Any CPU.ActiveCfg = Release|Any CPU
		{CBE8A5C3-EBDD-45CE-BCF7-5489443E2FE0}.Release|Any CPU.Build.0 = Release|Any CPU
		{8B73982D-3376-4762-8A5A-15A13DFF4F47}.Debug|Any CPU.ActiveCfg = Debug|Any CPU
		{8B73982D-3376-4762-8A5A-15A13DFF4F47}.Debug|Any CPU.Build.0 = Debug|Any CPU
		{8B73982D-3376-4762-8A5A-15A13DFF4F47}.Release|Any CPU.ActiveCfg = Release|Any CPU
		{8B73982D-3376-4762-8A5A-15A13DFF4F47}.Release|Any CPU.Build.0 = Release|Any CPU
		{3E81629E-7B40-4467-BFF8-8F3853F0E5DF}.Debug|Any CPU.ActiveCfg = Debug|Any CPU
		{3E81629E-7B40-4467-BFF8-8F3853F0E5DF}.Debug|Any CPU.Build.0 = Debug|Any CPU
		{3E81629E-7B40-4467-BFF8-8F3853F0E5DF}.Release|Any CPU.ActiveCfg = Release|Any CPU
		{3E81629E-7B40-4467-BFF8-8F3853F0E5DF}.Release|Any CPU.Build.0 = Release|Any CPU
		{4EB4CFE0-6E5C-49C6-9138-A65E35F32DF9}.Debug|Any CPU.ActiveCfg = Debug|Any CPU
		{4EB4CFE0-6E5C-49C6-9138-A65E35F32DF9}.Debug|Any CPU.Build.0 = Debug|Any CPU
		{4EB4CFE0-6E5C-49C6-9138-A65E35F32DF9}.Release|Any CPU.ActiveCfg = Release|Any CPU
		{4EB4CFE0-6E5C-49C6-9138-A65E35F32DF9}.Release|Any CPU.Build.0 = Release|Any CPU
		{7CABFDC7-6AFD-478F-B98F-87C6B44B439D}.Debug|Any CPU.ActiveCfg = Debug|Any CPU
		{7CABFDC7-6AFD-478F-B98F-87C6B44B439D}.Debug|Any CPU.Build.0 = Debug|Any CPU
		{7CABFDC7-6AFD-478F-B98F-87C6B44B439D}.Release|Any CPU.ActiveCfg = Release|Any CPU
		{7CABFDC7-6AFD-478F-B98F-87C6B44B439D}.Release|Any CPU.Build.0 = Release|Any CPU
		{A809BC91-6F58-46E8-885B-234F61C2E283}.Debug|Any CPU.ActiveCfg = Debug|Any CPU
		{A809BC91-6F58-46E8-885B-234F61C2E283}.Debug|Any CPU.Build.0 = Debug|Any CPU
		{A809BC91-6F58-46E8-885B-234F61C2E283}.Release|Any CPU.ActiveCfg = Release|Any CPU
		{A809BC91-6F58-46E8-885B-234F61C2E283}.Release|Any CPU.Build.0 = Release|Any CPU
		{F99C6674-6DD3-494B-845F-1C74715AB8E8}.Debug|Any CPU.ActiveCfg = Debug|Any CPU
		{F99C6674-6DD3-494B-845F-1C74715AB8E8}.Debug|Any CPU.Build.0 = Debug|Any CPU
		{F99C6674-6DD3-494B-845F-1C74715AB8E8}.Release|Any CPU.ActiveCfg = Release|Any CPU
		{F99C6674-6DD3-494B-845F-1C74715AB8E8}.Release|Any CPU.Build.0 = Release|Any CPU
		{6E2827E8-BB38-4EFE-A284-DAF81B108C78}.Debug|Any CPU.ActiveCfg = Debug|Any CPU
		{6E2827E8-BB38-4EFE-A284-DAF81B108C78}.Debug|Any CPU.Build.0 = Debug|Any CPU
		{6E2827E8-BB38-4EFE-A284-DAF81B108C78}.Release|Any CPU.ActiveCfg = Release|Any CPU
		{6E2827E8-BB38-4EFE-A284-DAF81B108C78}.Release|Any CPU.Build.0 = Release|Any CPU
		{008B6422-AB61-4238-8264-F51409F6DC83}.Debug|Any CPU.ActiveCfg = Debug|Any CPU
		{008B6422-AB61-4238-8264-F51409F6DC83}.Debug|Any CPU.Build.0 = Debug|Any CPU
		{008B6422-AB61-4238-8264-F51409F6DC83}.Release|Any CPU.ActiveCfg = Release|Any CPU
		{008B6422-AB61-4238-8264-F51409F6DC83}.Release|Any CPU.Build.0 = Release|Any CPU
		{8956603B-9F2E-4758-BF16-62135FB6E2F5}.Debug|Any CPU.ActiveCfg = Debug|Any CPU
		{8956603B-9F2E-4758-BF16-62135FB6E2F5}.Debug|Any CPU.Build.0 = Debug|Any CPU
		{8956603B-9F2E-4758-BF16-62135FB6E2F5}.Release|Any CPU.ActiveCfg = Release|Any CPU
		{8956603B-9F2E-4758-BF16-62135FB6E2F5}.Release|Any CPU.Build.0 = Release|Any CPU
		{5F07F05D-78EB-4BE8-9CDF-D120CAD1120C}.Debug|Any CPU.ActiveCfg = Debug|Any CPU
		{5F07F05D-78EB-4BE8-9CDF-D120CAD1120C}.Debug|Any CPU.Build.0 = Debug|Any CPU
		{5F07F05D-78EB-4BE8-9CDF-D120CAD1120C}.Release|Any CPU.ActiveCfg = Release|Any CPU
		{5F07F05D-78EB-4BE8-9CDF-D120CAD1120C}.Release|Any CPU.Build.0 = Release|Any CPU
		{7E35E1CC-B18A-46F1-9579-B66397EEE62A}.Debug|Any CPU.ActiveCfg = Debug|Any CPU
		{7E35E1CC-B18A-46F1-9579-B66397EEE62A}.Debug|Any CPU.Build.0 = Debug|Any CPU
		{7E35E1CC-B18A-46F1-9579-B66397EEE62A}.Release|Any CPU.ActiveCfg = Release|Any CPU
		{7E35E1CC-B18A-46F1-9579-B66397EEE62A}.Release|Any CPU.Build.0 = Release|Any CPU
	EndGlobalSection
	GlobalSection(SolutionProperties) = preSolution
		HideSolutionNode = FALSE
	EndGlobalSection
	GlobalSection(NestedProjects) = preSolution
		{BF709E5C-DD11-4F18-9993-9DE3C40598BB} = {79A650D6-BA91-47D1-88CE-EC002A70A94C}
		{B88C2F3B-71C5-4840-B425-78A4DD5E6657} = {E4CE2450-2BB1-4440-9BBF-34FEE661A092}
		{8007C73E-1051-4B7B-9EAF-1B7F49016D70} = {7768E47D-6065-4302-B586-26014DD0EA0B}
		{47D82EAC-0CD5-45B2-A41D-063104749887} = {8007C73E-1051-4B7B-9EAF-1B7F49016D70}
		{5E103080-AFC1-4393-BB60-CC2DC81C466A} = {C0817CA3-51AA-4532-BD81-ABEFDD63505F}
		{D869010E-57A1-4979-8C27-D4911AB527B0} = {574D8AE2-3CF2-4AC5-B558-850669DA4184}
		{C0817CA3-51AA-4532-BD81-ABEFDD63505F} = {7768E47D-6065-4302-B586-26014DD0EA0B}
		{8F5FA19E-BAFE-4C62-9B7E-883CB47FF9AD} = {7768E47D-6065-4302-B586-26014DD0EA0B}
		{7879E73B-D017-4056-8DB4-34193668287D} = {8F5FA19E-BAFE-4C62-9B7E-883CB47FF9AD}
		{79D30B8F-D5F9-49A7-961A-693ADF7FCBD2} = {79A650D6-BA91-47D1-88CE-EC002A70A94C}
		{D8493A00-36BF-4817-A9F5-2799F72E9D57} = {DDF8AE58-88FE-4DB5-AB48-D78BE93969F1}
		{1309A919-AE01-4AF7-974A-246AADD2D892} = {79A650D6-BA91-47D1-88CE-EC002A70A94C}
		{E3263167-A675-47FC-857D-4B7342A1236D} = {79A650D6-BA91-47D1-88CE-EC002A70A94C}
		{B9AD3527-94CD-412D-AE7C-B9C51BC06C4A} = {1680F505-0533-4DF0-9A62-B617A5D6FAF0}
		{97F391CB-3451-4EB4-BB3E-D4E4115C5B7F} = {1680F505-0533-4DF0-9A62-B617A5D6FAF0}
		{93ECD0FC-BB38-4BAF-8D54-486840040089} = {1E5F935B-DC63-439B-BFE0-A5154DB54DBA}
		{B6BBBCF5-5DEE-426F-9BC1-3043FCE8CDDE} = {7768E47D-6065-4302-B586-26014DD0EA0B}
		{0C4F5E8F-B2DC-40CB-8466-7839B5EB9385} = {B6BBBCF5-5DEE-426F-9BC1-3043FCE8CDDE}
		{D7B397F6-A632-4B16-95C0-56B75FFDCF44} = {B6BBBCF5-5DEE-426F-9BC1-3043FCE8CDDE}
		{09019C77-ABFA-4ACB-8A9E-2342FE2ADD61} = {B6BBBCF5-5DEE-426F-9BC1-3043FCE8CDDE}
		{A5BEF718-97AC-403E-9752-C1DD29B761AB} = {574D8AE2-3CF2-4AC5-B558-850669DA4184}
		{C5C444E2-3FD9-4B10-B9B2-D1974D74C088} = {C18DF581-CF94-4066-9690-9ECF7C25F300}
		{1D7F64A3-8D61-4747-A525-41F00CC743C9} = {C18DF581-CF94-4066-9690-9ECF7C25F300}
		{48B2F972-22E2-4A10-8174-8E6A878AB2A0} = {E4CE2450-2BB1-4440-9BBF-34FEE661A092}
		{C2B225B5-6FB5-40C4-B8E6-55445302BA91} = {E4CE2450-2BB1-4440-9BBF-34FEE661A092}
		{206F1F78-306F-48E3-98F9-51AA35F050A8} = {E4CE2450-2BB1-4440-9BBF-34FEE661A092}
		{C6854A9A-81F0-4542-A603-CF284860E9D3} = {E4CE2450-2BB1-4440-9BBF-34FEE661A092}
		{9D1A9ADE-4F4D-4470-BBD0-3252E073F434} = {DDF8AE58-88FE-4DB5-AB48-D78BE93969F1}
		{250A3168-AEB8-47EA-8108-E1A32C3B0248} = {EC9A435A-03FF-4A1C-B66A-5643A572C7C6}
		{75E2AA77-2533-4BFE-9A71-9C5FF015F740} = {EC9A435A-03FF-4A1C-B66A-5643A572C7C6}
		{5EBCB432-B2F8-4D5C-A0D3-FDF02239D0BD} = {EC9A435A-03FF-4A1C-B66A-5643A572C7C6}
		{08C6F6E1-F01F-4FF3-8932-515ADE7F4C19} = {DDF8AE58-88FE-4DB5-AB48-D78BE93969F1}
		{1EB0CF14-7D0D-42A1-B553-4EA2A5002C72} = {79A650D6-BA91-47D1-88CE-EC002A70A94C}
		{4CCA9B3F-2B6F-4281-9626-2587D1ADA494} = {79A650D6-BA91-47D1-88CE-EC002A70A94C}
		{27ADABFA-11D9-4D2F-B2F7-A5DB0F97C15D} = {79A650D6-BA91-47D1-88CE-EC002A70A94C}
		{500BD8CF-41EC-4EBF-9B57-31D0CE191251} = {79A650D6-BA91-47D1-88CE-EC002A70A94C}
		{CD0C396F-1B3A-4AC0-876B-13B9B29D9920} = {79A650D6-BA91-47D1-88CE-EC002A70A94C}
		{3166FE79-4A48-49C2-8C07-C4BF9A4063A9} = {DDF8AE58-88FE-4DB5-AB48-D78BE93969F1}
		{C6C53632-D5F1-41BE-B4B6-3EA7C5362E75} = {E4CE2450-2BB1-4440-9BBF-34FEE661A092}
		{E8D44CCC-54E9-4BAD-A726-D9D2A5A13250} = {E4CE2450-2BB1-4440-9BBF-34FEE661A092}
		{E3DBB56D-DD13-4145-8441-EE8937DA0431} = {E4CE2450-2BB1-4440-9BBF-34FEE661A092}
		{A37E0788-2DC2-4C01-9710-21E873C6E434} = {DDF8AE58-88FE-4DB5-AB48-D78BE93969F1}
		{D8EE5503-88B8-4136-BCDD-493FAEC1A711} = {DDF8AE58-88FE-4DB5-AB48-D78BE93969F1}
		{8DA8017E-60B8-4FBA-BB95-C6911C6532AC} = {7768E47D-6065-4302-B586-26014DD0EA0B}
		{A44F3A50-B55C-478B-BB2E-281813524BB2} = {8DA8017E-60B8-4FBA-BB95-C6911C6532AC}
		{944EDE31-38EB-4A4C-B8A3-4FAEF98C9ECA} = {8DA8017E-60B8-4FBA-BB95-C6911C6532AC}
		{20297FF4-3DEA-4A36-A63F-F00375AD6B4B} = {C18DF581-CF94-4066-9690-9ECF7C25F300}
		{DA31DBFE-586C-4D31-AEC5-EA9F28C03CE6} = {574D8AE2-3CF2-4AC5-B558-850669DA4184}
		{2E29944B-04A9-498E-B1F5-76A1A004BCDB} = {E4CE2450-2BB1-4440-9BBF-34FEE661A092}
		{BF5E693E-1126-42A2-B7BA-8B5D4D6EAE4A} = {E4CE2450-2BB1-4440-9BBF-34FEE661A092}
		{94F4541A-AAE0-4A53-B99E-1EF63075B663} = {79A650D6-BA91-47D1-88CE-EC002A70A94C}
		{3D585759-1716-49D9-9379-5491238785DF} = {2A6A1F2A-6164-4450-B137-5ECD29FDA1A7}
		{D1DDEC54-9B11-4EF2-AC4B-F87A3F8C0940} = {2A6A1F2A-6164-4450-B137-5ECD29FDA1A7}
		{8D02079D-3BC5-407C-8033-5BBDB78E9BCF} = {2A6A1F2A-6164-4450-B137-5ECD29FDA1A7}
		{68C3FF31-45F3-47F1-89AB-7E0BC3C1A07A} = {1680F505-0533-4DF0-9A62-B617A5D6FAF0}
		{E88B5184-44DE-4D94-8F5F-FCD8BAEEC37B} = {1680F505-0533-4DF0-9A62-B617A5D6FAF0}
		{98855243-D82B-4BC6-BB7A-A9791FFAA384} = {7768E47D-6065-4302-B586-26014DD0EA0B}
		{6EBF4376-50F5-4D3E-B74A-87763C386BE6} = {98855243-D82B-4BC6-BB7A-A9791FFAA384}
		{BCF54BB2-F945-4120-9F5C-8AB05F4FB200} = {2A6A1F2A-6164-4450-B137-5ECD29FDA1A7}
		{D4AF233B-0824-4228-AFB3-5897AF33A7D9} = {2A6A1F2A-6164-4450-B137-5ECD29FDA1A7}
		{B321A6C3-7F60-42C1-A1C2-B16DD692E707} = {79A650D6-BA91-47D1-88CE-EC002A70A94C}
		{DFD0208C-3CBB-437D-A898-1E10EBDEAB54} = {C18DF581-CF94-4066-9690-9ECF7C25F300}
		{46B8B1AB-DF19-4332-81F4-829A4C7615AE} = {C18DF581-CF94-4066-9690-9ECF7C25F300}
		{E11346DA-5B36-40B5-8750-B91C9DAD175C} = {B9F038CC-250A-4176-A005-2173F2945B9B}
		{D617A7ED-9B03-49AF-B96E-A03C28C55073} = {B9F038CC-250A-4176-A005-2173F2945B9B}
		{50FDA905-9809-46AD-AD34-2C6A5B99A8EE} = {574D8AE2-3CF2-4AC5-B558-850669DA4184}
		{C38844EE-CE24-47DA-BC6F-C2E02A7EB852} = {E4E36F1B-C52E-43E0-A526-6E268BBB4D19}
		{FD8C1AA4-8756-4D3B-A32E-4EC39C79A275} = {574D8AE2-3CF2-4AC5-B558-850669DA4184}
		{E5C47852-DFBF-43FB-B454-3B91A2401188} = {574D8AE2-3CF2-4AC5-B558-850669DA4184}
		{6B2B243A-2B0F-445B-A9A4-2C3EA28C7563} = {574D8AE2-3CF2-4AC5-B558-850669DA4184}
		{350FC579-F1C8-4203-9012-8F70230D95F1} = {574D8AE2-3CF2-4AC5-B558-850669DA4184}
		{65D69F58-98D9-40BF-AF2A-286A83C873C2} = {E4CE2450-2BB1-4440-9BBF-34FEE661A092}
		{1901AA3F-0B22-4E0C-8BCA-81DDCA118A5E} = {99C6DAC1-1ED7-4695-A288-CACAE377577A}
		{97299D39-A18D-44CD-A7DD-4C6FA05E4F41} = {1680F505-0533-4DF0-9A62-B617A5D6FAF0}
		{F63BC395-CE98-4805-8393-3CC77A3F3D24} = {7768E47D-6065-4302-B586-26014DD0EA0B}
		{CB7E5406-63FA-4A5D-BF0D-91A1EE0AC611} = {F63BC395-CE98-4805-8393-3CC77A3F3D24}
		{F9C7DA25-1D85-4E50-A97E-A6E0FDF00BBA} = {7768E47D-6065-4302-B586-26014DD0EA0B}
		{CBE8A5C3-EBDD-45CE-BCF7-5489443E2FE0} = {F9C7DA25-1D85-4E50-A97E-A6E0FDF00BBA}
		{8B73982D-3376-4762-8A5A-15A13DFF4F47} = {E4CE2450-2BB1-4440-9BBF-34FEE661A092}
		{3E81629E-7B40-4467-BFF8-8F3853F0E5DF} = {29F49349-C713-4D13-A2FC-F542E79C0ACB}
		{4EB4CFE0-6E5C-49C6-9138-A65E35F32DF9} = {1680F505-0533-4DF0-9A62-B617A5D6FAF0}
		{7CABFDC7-6AFD-478F-B98F-87C6B44B439D} = {DDF8AE58-88FE-4DB5-AB48-D78BE93969F1}
		{A809BC91-6F58-46E8-885B-234F61C2E283} = {29F49349-C713-4D13-A2FC-F542E79C0ACB}
		{F99C6674-6DD3-494B-845F-1C74715AB8E8} = {79A650D6-BA91-47D1-88CE-EC002A70A94C}
		{6E2827E8-BB38-4EFE-A284-DAF81B108C78} = {2A6A1F2A-6164-4450-B137-5ECD29FDA1A7}
		{008B6422-AB61-4238-8264-F51409F6DC83} = {1E5F935B-DC63-439B-BFE0-A5154DB54DBA}
		{5067D3A8-1664-4CF4-A672-A426893E90E5} = {1E5F935B-DC63-439B-BFE0-A5154DB54DBA}
		{8956603B-9F2E-4758-BF16-62135FB6E2F5} = {5067D3A8-1664-4CF4-A672-A426893E90E5}
		{5F07F05D-78EB-4BE8-9CDF-D120CAD1120C} = {79A650D6-BA91-47D1-88CE-EC002A70A94C}
		{7E35E1CC-B18A-46F1-9579-B66397EEE62A} = {1680F505-0533-4DF0-9A62-B617A5D6FAF0}
	EndGlobalSection
EndGlobal
