
Microsoft Visual Studio Solution File, Format Version 12.00
# Visual Studio 14
VisualStudioVersion = 14.0.25420.1
MinimumVisualStudioVersion = 10.0.40219.1
Project("{2150E333-8FDC-42A3-9474-1A3956D46DE8}") = "Server", "Server", "{E0C276AC-8717-4F50-94CD-F432BC1E962B}"
EndProject
Project("{2150E333-8FDC-42A3-9474-1A3956D46DE8}") = "Client", "Client", "{5F88A5CE-40F6-4A63-852B-9D1539B0265B}"
EndProject
Project("{FAE04EC0-301F-11D3-BF4B-00C04F79EFBC}") = "TestWcfLib", "Server\TestWcfLib\TestWcfLib.csproj", "{60616979-FEFE-42D0-95CD-D4AFC4E5895F}"
EndProject
Project("{FAE04EC0-301F-11D3-BF4B-00C04F79EFBC}") = "TestWcfCommon", "Common\TestWcfCommon\TestWcfCommon.csproj", "{6D360C5F-A3E9-471A-84AF-09FC8A7EAA13}"
EndProject
Project("{2150E333-8FDC-42A3-9474-1A3956D46DE8}") = "Common", "Common", "{E2780623-5D5C-4F09-81F0-378D091DB862}"
EndProject
Project("{FAE04EC0-301F-11D3-BF4B-00C04F79EFBC}") = "TestWcfClientLib", "Client\TestWcfClientLib\TestWcfClientLib.csproj", "{B363BE67-983E-485C-B88A-24F4673ADFF7}"
EndProject
Project("{FAE04EC0-301F-11D3-BF4B-00C04F79EFBC}") = "TestWcfService", "Server\TestWcfService\TestWcfService.csproj", "{ADDB2438-3EC2-4C5D-9F33-B2951475D666}"
EndProject
Project("{E24C65DC-7377-472B-9ABA-BC803B73C61A}") = "TestWebWcf", "Server\TestWebWcf\", "{B61425E6-8E7A-4F04-AEAC-230927635143}"
	ProjectSection(WebsiteProperties) = preProject
		TargetFrameworkMoniker = ".NETFramework,Version%3Dv4.5.2"
		Debug.AspNetCompiler.VirtualPath = "/localhost_50765"
		Debug.AspNetCompiler.PhysicalPath = "Server\TestWebWcf\"
		Debug.AspNetCompiler.TargetPath = "PrecompiledWeb\localhost_50765\"
		Debug.AspNetCompiler.Updateable = "true"
		Debug.AspNetCompiler.ForceOverwrite = "true"
		Debug.AspNetCompiler.FixedNames = "false"
		Debug.AspNetCompiler.Debug = "True"
		Release.AspNetCompiler.VirtualPath = "/localhost_50765"
		Release.AspNetCompiler.PhysicalPath = "Server\TestWebWcf\"
		Release.AspNetCompiler.TargetPath = "PrecompiledWeb\localhost_50765\"
		Release.AspNetCompiler.Updateable = "true"
		Release.AspNetCompiler.ForceOverwrite = "true"
		Release.AspNetCompiler.FixedNames = "false"
		Release.AspNetCompiler.Debug = "False"
		VWDPort = "50765"
		SlnRelativePath = "Server\TestWebWcf\"
		DefaultWebSiteLanguage = "Visual C#"
	EndProjectSection
EndProject
Project("{FAE04EC0-301F-11D3-BF4B-00C04F79EFBC}") = "TestWcfMexClient", "Client\TestWcfMexClient\TestWcfMexClient.csproj", "{FA163766-5256-4AE8-8E7E-4523B0A7C7D2}"
EndProject
Project("{FAE04EC0-301F-11D3-BF4B-00C04F79EFBC}") = "TestWcfSite", "Client\TestWcfSite\TestWcfSite\TestWcfSite.csproj", "{D72498BF-1D2F-4D34-B3D5-EE555BCD6755}"
EndProject
Project("{2150E333-8FDC-42A3-9474-1A3956D46DE8}") = "Solution Items", "Solution Items", "{73BC9D23-DF04-4BDA-8DA4-30896B90EB06}"
	ProjectSection(SolutionItems) = preProject
		WebEssentials2015-Settings.json = WebEssentials2015-Settings.json
	EndProjectSection
EndProject
Project("{2150E333-8FDC-42A3-9474-1A3956D46DE8}") = "Pikhota", "Pikhota", "{3CAC6FDD-DB82-4315-9945-216DB46EDF33}"
EndProject
Project("{FAE04EC0-301F-11D3-BF4B-00C04F79EFBC}") = "CurrencyConvertWcfClientLib", "Client\Pikhota\CurrencyConvertWcfClientLib\CurrencyConvertWcfClientLib.csproj", "{FC35314C-E831-4BB1-90A6-48ECA8FE47ED}"
EndProject
Project("{2150E333-8FDC-42A3-9474-1A3956D46DE8}") = "Pikhota", "Pikhota", "{95E8B7B6-E0E4-4514-83EC-41B2EDDA2298}"
EndProject
Project("{FAE04EC0-301F-11D3-BF4B-00C04F79EFBC}") = "CurrencyConvertWcfLib", "Server\Pikhota\CurrencyConvertWcfLib\CurrencyConvertWcfLib.csproj", "{77F6CBD6-B5B2-48C7-8775-7EC4198999A1}"
EndProject
Project("{2150E333-8FDC-42A3-9474-1A3956D46DE8}") = "Yuriy", "Yuriy", "{7B9DA9DD-B000-40F8-A3D3-EEE3BB928DEC}"
EndProject
Project("{2150E333-8FDC-42A3-9474-1A3956D46DE8}") = "Yuriy", "Yuriy", "{D16E2742-7896-40B3-B178-A8F2DECC48FD}"
EndProject
Project("{2150E333-8FDC-42A3-9474-1A3956D46DE8}") = "SergeyDerko", "SergeyDerko", "{83C32675-2CDB-4860-8880-4BFE99C9C886}"
EndProject
Project("{FAE04EC0-301F-11D3-BF4B-00C04F79EFBC}") = "SergeyDerkoLibrary", "Server\SergeyDerko\SergeyDerkoLibrary\SergeyDerkoLibrary.csproj", "{9093DDCD-35E6-4F5B-9ABA-DDDFDB0DED14}"
EndProject
Project("{2150E333-8FDC-42A3-9474-1A3956D46DE8}") = "SergeyDerko", "SergeyDerko", "{CF8FF486-E641-45C5-8266-78A60E52176D}"
EndProject
Project("{FAE04EC0-301F-11D3-BF4B-00C04F79EFBC}") = "SkanPcLibrary", "Client\SergeyDerko\SkanPcLibrary\SkanPcLibrary.csproj", "{F334C9EB-FB37-44B5-B0B2-34D49D1C21EC}"
EndProject
Project("{FAE04EC0-301F-11D3-BF4B-00C04F79EFBC}") = "ExchangeRatesServiceLib", "Server\Yuriy\ExchangeRatesServiceLib\ExchangeRatesServiceLib.csproj", "{C38C6159-5DC2-47CA-A78E-958D5195564E}"
EndProject
Project("{FAE04EC0-301F-11D3-BF4B-00C04F79EFBC}") = "ExchangeRatesClient1", "Client\Yuriy\ExchangeRatesClient1\ExchangeRatesClient1.csproj", "{395AA418-683D-4BAC-A9FC-9989E58336A6}"
EndProject
Project("{FAE04EC0-301F-11D3-BF4B-00C04F79EFBC}") = "ExchangeRatesClientLib", "Client\Yuriy\ExchangeRatesClientLib\ExchangeRatesClientLib.csproj", "{3D3344B4-CF12-47BE-9E2F-E67508072B1A}"
EndProject
Global
	GlobalSection(SolutionConfigurationPlatforms) = preSolution
		Debug|Any CPU = Debug|Any CPU
		Release|Any CPU = Release|Any CPU
	EndGlobalSection
	GlobalSection(ProjectConfigurationPlatforms) = postSolution
		{60616979-FEFE-42D0-95CD-D4AFC4E5895F}.Debug|Any CPU.ActiveCfg = Debug|Any CPU
		{60616979-FEFE-42D0-95CD-D4AFC4E5895F}.Debug|Any CPU.Build.0 = Debug|Any CPU
		{60616979-FEFE-42D0-95CD-D4AFC4E5895F}.Release|Any CPU.ActiveCfg = Release|Any CPU
		{60616979-FEFE-42D0-95CD-D4AFC4E5895F}.Release|Any CPU.Build.0 = Release|Any CPU
		{6D360C5F-A3E9-471A-84AF-09FC8A7EAA13}.Debug|Any CPU.ActiveCfg = Debug|Any CPU
		{6D360C5F-A3E9-471A-84AF-09FC8A7EAA13}.Debug|Any CPU.Build.0 = Debug|Any CPU
		{6D360C5F-A3E9-471A-84AF-09FC8A7EAA13}.Release|Any CPU.ActiveCfg = Release|Any CPU
		{6D360C5F-A3E9-471A-84AF-09FC8A7EAA13}.Release|Any CPU.Build.0 = Release|Any CPU
		{B363BE67-983E-485C-B88A-24F4673ADFF7}.Debug|Any CPU.ActiveCfg = Debug|Any CPU
		{B363BE67-983E-485C-B88A-24F4673ADFF7}.Debug|Any CPU.Build.0 = Debug|Any CPU
		{B363BE67-983E-485C-B88A-24F4673ADFF7}.Release|Any CPU.ActiveCfg = Release|Any CPU
		{B363BE67-983E-485C-B88A-24F4673ADFF7}.Release|Any CPU.Build.0 = Release|Any CPU
		{ADDB2438-3EC2-4C5D-9F33-B2951475D666}.Debug|Any CPU.ActiveCfg = Debug|Any CPU
		{ADDB2438-3EC2-4C5D-9F33-B2951475D666}.Debug|Any CPU.Build.0 = Debug|Any CPU
		{ADDB2438-3EC2-4C5D-9F33-B2951475D666}.Release|Any CPU.ActiveCfg = Release|Any CPU
		{ADDB2438-3EC2-4C5D-9F33-B2951475D666}.Release|Any CPU.Build.0 = Release|Any CPU
		{B61425E6-8E7A-4F04-AEAC-230927635143}.Debug|Any CPU.ActiveCfg = Debug|Any CPU
		{B61425E6-8E7A-4F04-AEAC-230927635143}.Debug|Any CPU.Build.0 = Debug|Any CPU
		{B61425E6-8E7A-4F04-AEAC-230927635143}.Release|Any CPU.ActiveCfg = Debug|Any CPU
		{B61425E6-8E7A-4F04-AEAC-230927635143}.Release|Any CPU.Build.0 = Debug|Any CPU
		{FA163766-5256-4AE8-8E7E-4523B0A7C7D2}.Debug|Any CPU.ActiveCfg = Debug|Any CPU
		{FA163766-5256-4AE8-8E7E-4523B0A7C7D2}.Debug|Any CPU.Build.0 = Debug|Any CPU
		{FA163766-5256-4AE8-8E7E-4523B0A7C7D2}.Release|Any CPU.ActiveCfg = Release|Any CPU
		{FA163766-5256-4AE8-8E7E-4523B0A7C7D2}.Release|Any CPU.Build.0 = Release|Any CPU
		{D72498BF-1D2F-4D34-B3D5-EE555BCD6755}.Debug|Any CPU.ActiveCfg = Debug|Any CPU
		{D72498BF-1D2F-4D34-B3D5-EE555BCD6755}.Debug|Any CPU.Build.0 = Debug|Any CPU
		{D72498BF-1D2F-4D34-B3D5-EE555BCD6755}.Release|Any CPU.ActiveCfg = Release|Any CPU
		{D72498BF-1D2F-4D34-B3D5-EE555BCD6755}.Release|Any CPU.Build.0 = Release|Any CPU
		{FC35314C-E831-4BB1-90A6-48ECA8FE47ED}.Debug|Any CPU.ActiveCfg = Debug|Any CPU
		{FC35314C-E831-4BB1-90A6-48ECA8FE47ED}.Debug|Any CPU.Build.0 = Debug|Any CPU
		{FC35314C-E831-4BB1-90A6-48ECA8FE47ED}.Release|Any CPU.ActiveCfg = Release|Any CPU
		{FC35314C-E831-4BB1-90A6-48ECA8FE47ED}.Release|Any CPU.Build.0 = Release|Any CPU
		{77F6CBD6-B5B2-48C7-8775-7EC4198999A1}.Debug|Any CPU.ActiveCfg = Debug|Any CPU
		{77F6CBD6-B5B2-48C7-8775-7EC4198999A1}.Debug|Any CPU.Build.0 = Debug|Any CPU
		{77F6CBD6-B5B2-48C7-8775-7EC4198999A1}.Release|Any CPU.ActiveCfg = Release|Any CPU
		{77F6CBD6-B5B2-48C7-8775-7EC4198999A1}.Release|Any CPU.Build.0 = Release|Any CPU
		{9093DDCD-35E6-4F5B-9ABA-DDDFDB0DED14}.Debug|Any CPU.ActiveCfg = Debug|Any CPU
		{9093DDCD-35E6-4F5B-9ABA-DDDFDB0DED14}.Debug|Any CPU.Build.0 = Debug|Any CPU
		{9093DDCD-35E6-4F5B-9ABA-DDDFDB0DED14}.Release|Any CPU.ActiveCfg = Release|Any CPU
		{9093DDCD-35E6-4F5B-9ABA-DDDFDB0DED14}.Release|Any CPU.Build.0 = Release|Any CPU
		{F334C9EB-FB37-44B5-B0B2-34D49D1C21EC}.Debug|Any CPU.ActiveCfg = Debug|Any CPU
		{F334C9EB-FB37-44B5-B0B2-34D49D1C21EC}.Debug|Any CPU.Build.0 = Debug|Any CPU
		{F334C9EB-FB37-44B5-B0B2-34D49D1C21EC}.Release|Any CPU.ActiveCfg = Release|Any CPU
		{F334C9EB-FB37-44B5-B0B2-34D49D1C21EC}.Release|Any CPU.Build.0 = Release|Any CPU
		{C38C6159-5DC2-47CA-A78E-958D5195564E}.Debug|Any CPU.ActiveCfg = Debug|Any CPU
		{C38C6159-5DC2-47CA-A78E-958D5195564E}.Debug|Any CPU.Build.0 = Debug|Any CPU
		{C38C6159-5DC2-47CA-A78E-958D5195564E}.Release|Any CPU.ActiveCfg = Release|Any CPU
		{C38C6159-5DC2-47CA-A78E-958D5195564E}.Release|Any CPU.Build.0 = Release|Any CPU
		{395AA418-683D-4BAC-A9FC-9989E58336A6}.Debug|Any CPU.ActiveCfg = Debug|Any CPU
		{395AA418-683D-4BAC-A9FC-9989E58336A6}.Debug|Any CPU.Build.0 = Debug|Any CPU
		{395AA418-683D-4BAC-A9FC-9989E58336A6}.Release|Any CPU.ActiveCfg = Release|Any CPU
		{395AA418-683D-4BAC-A9FC-9989E58336A6}.Release|Any CPU.Build.0 = Release|Any CPU
		{3D3344B4-CF12-47BE-9E2F-E67508072B1A}.Debug|Any CPU.ActiveCfg = Debug|Any CPU
		{3D3344B4-CF12-47BE-9E2F-E67508072B1A}.Debug|Any CPU.Build.0 = Debug|Any CPU
		{3D3344B4-CF12-47BE-9E2F-E67508072B1A}.Release|Any CPU.ActiveCfg = Release|Any CPU
		{3D3344B4-CF12-47BE-9E2F-E67508072B1A}.Release|Any CPU.Build.0 = Release|Any CPU
	EndGlobalSection
	GlobalSection(SolutionProperties) = preSolution
		HideSolutionNode = FALSE
	EndGlobalSection
	GlobalSection(NestedProjects) = preSolution
		{60616979-FEFE-42D0-95CD-D4AFC4E5895F} = {E0C276AC-8717-4F50-94CD-F432BC1E962B}
		{6D360C5F-A3E9-471A-84AF-09FC8A7EAA13} = {E2780623-5D5C-4F09-81F0-378D091DB862}
		{B363BE67-983E-485C-B88A-24F4673ADFF7} = {5F88A5CE-40F6-4A63-852B-9D1539B0265B}
		{ADDB2438-3EC2-4C5D-9F33-B2951475D666} = {E0C276AC-8717-4F50-94CD-F432BC1E962B}
		{B61425E6-8E7A-4F04-AEAC-230927635143} = {E0C276AC-8717-4F50-94CD-F432BC1E962B}
		{FA163766-5256-4AE8-8E7E-4523B0A7C7D2} = {5F88A5CE-40F6-4A63-852B-9D1539B0265B}
		{D72498BF-1D2F-4D34-B3D5-EE555BCD6755} = {5F88A5CE-40F6-4A63-852B-9D1539B0265B}
		{3CAC6FDD-DB82-4315-9945-216DB46EDF33} = {5F88A5CE-40F6-4A63-852B-9D1539B0265B}
		{FC35314C-E831-4BB1-90A6-48ECA8FE47ED} = {3CAC6FDD-DB82-4315-9945-216DB46EDF33}
		{95E8B7B6-E0E4-4514-83EC-41B2EDDA2298} = {E0C276AC-8717-4F50-94CD-F432BC1E962B}
		{77F6CBD6-B5B2-48C7-8775-7EC4198999A1} = {95E8B7B6-E0E4-4514-83EC-41B2EDDA2298}
		{7B9DA9DD-B000-40F8-A3D3-EEE3BB928DEC} = {E0C276AC-8717-4F50-94CD-F432BC1E962B}
		{D16E2742-7896-40B3-B178-A8F2DECC48FD} = {5F88A5CE-40F6-4A63-852B-9D1539B0265B}
		{83C32675-2CDB-4860-8880-4BFE99C9C886} = {E0C276AC-8717-4F50-94CD-F432BC1E962B}
		{9093DDCD-35E6-4F5B-9ABA-DDDFDB0DED14} = {83C32675-2CDB-4860-8880-4BFE99C9C886}
		{CF8FF486-E641-45C5-8266-78A60E52176D} = {5F88A5CE-40F6-4A63-852B-9D1539B0265B}
		{F334C9EB-FB37-44B5-B0B2-34D49D1C21EC} = {CF8FF486-E641-45C5-8266-78A60E52176D}
		{C38C6159-5DC2-47CA-A78E-958D5195564E} = {7B9DA9DD-B000-40F8-A3D3-EEE3BB928DEC}
		{395AA418-683D-4BAC-A9FC-9989E58336A6} = {D16E2742-7896-40B3-B178-A8F2DECC48FD}
		{3D3344B4-CF12-47BE-9E2F-E67508072B1A} = {D16E2742-7896-40B3-B178-A8F2DECC48FD}
	EndGlobalSection
EndGlobal
