
Microsoft Visual Studio Solution File, Format Version 12.00
# Visual Studio 14
VisualStudioVersion = 14.0.25420.1
MinimumVisualStudioVersion = 10.0.40219.1
Project("{FAE04EC0-301F-11D3-BF4B-00C04F79EFBC}") = "0611_prg", "0611_prg\0611_prg.csproj", "{47C7909A-C62E-40BC-8CBD-0E242E24D7DD}"
EndProject
Global
	GlobalSection(SolutionConfigurationPlatforms) = preSolution
		Debug|Any CPU = Debug|Any CPU
		Release|Any CPU = Release|Any CPU
	EndGlobalSection
	GlobalSection(ProjectConfigurationPlatforms) = postSolution
		{47C7909A-C62E-40BC-8CBD-0E242E24D7DD}.Debug|Any CPU.ActiveCfg = Debug|Any CPU
		{47C7909A-C62E-40BC-8CBD-0E242E24D7DD}.Debug|Any CPU.Build.0 = Debug|Any CPU
		{47C7909A-C62E-40BC-8CBD-0E242E24D7DD}.Release|Any CPU.ActiveCfg = Release|Any CPU
		{47C7909A-C62E-40BC-8CBD-0E242E24D7DD}.Release|Any CPU.Build.0 = Release|Any CPU
	EndGlobalSection
	GlobalSection(SolutionProperties) = preSolution
		HideSolutionNode = FALSE
	EndGlobalSection
EndGlobal
