
Microsoft Visual Studio Solution File, Format Version 12.00
# Visual Studio 14
VisualStudioVersion = 14.0.25420.1
MinimumVisualStudioVersion = 10.0.40219.1
Project("{2150E333-8FDC-42A3-9474-1A3956D46DE8}") = "Server", "Server", "{9909DDD2-BF6C-41BF-8C95-41A78EE173AC}"
EndProject
Project("{2150E333-8FDC-42A3-9474-1A3956D46DE8}") = "Client", "Client", "{40A6BF09-E90C-4FD0-B2A8-46E62BE980EB}"
EndProject
Project("{FAE04EC0-301F-11D3-BF4B-00C04F79EFBC}") = "TestWCF_09", "Server\TestWCF_09\TestWCF_09.csproj", "{AC7ED0B2-BB1A-467E-B738-85E4CCA4C50C}"
EndProject
Project("{FAE04EC0-301F-11D3-BF4B-00C04F79EFBC}") = "TestWCF_09_Service", "Server\TestWCF_09_Service\TestWCF_09_Service.csproj", "{6130F8EA-EE5E-4D1A-9EB8-04035D6C7F48}"
EndProject
Project("{FAE04EC0-301F-11D3-BF4B-00C04F79EFBC}") = "Common", "Server\Common\Common.csproj", "{BC8D6F7F-6CA9-443B-B472-BC8E18A87BB8}"
EndProject
Global
	GlobalSection(SolutionConfigurationPlatforms) = preSolution
		Debug|Any CPU = Debug|Any CPU
		Release|Any CPU = Release|Any CPU
	EndGlobalSection
	GlobalSection(ProjectConfigurationPlatforms) = postSolution
		{AC7ED0B2-BB1A-467E-B738-85E4CCA4C50C}.Debug|Any CPU.ActiveCfg = Debug|Any CPU
		{AC7ED0B2-BB1A-467E-B738-85E4CCA4C50C}.Debug|Any CPU.Build.0 = Debug|Any CPU
		{AC7ED0B2-BB1A-467E-B738-85E4CCA4C50C}.Release|Any CPU.ActiveCfg = Release|Any CPU
		{AC7ED0B2-BB1A-467E-B738-85E4CCA4C50C}.Release|Any CPU.Build.0 = Release|Any CPU
		{6130F8EA-EE5E-4D1A-9EB8-04035D6C7F48}.Debug|Any CPU.ActiveCfg = Debug|Any CPU
		{6130F8EA-EE5E-4D1A-9EB8-04035D6C7F48}.Debug|Any CPU.Build.0 = Debug|Any CPU
		{6130F8EA-EE5E-4D1A-9EB8-04035D6C7F48}.Release|Any CPU.ActiveCfg = Release|Any CPU
		{6130F8EA-EE5E-4D1A-9EB8-04035D6C7F48}.Release|Any CPU.Build.0 = Release|Any CPU
		{BC8D6F7F-6CA9-443B-B472-BC8E18A87BB8}.Debug|Any CPU.ActiveCfg = Debug|Any CPU
		{BC8D6F7F-6CA9-443B-B472-BC8E18A87BB8}.Debug|Any CPU.Build.0 = Debug|Any CPU
		{BC8D6F7F-6CA9-443B-B472-BC8E18A87BB8}.Release|Any CPU.ActiveCfg = Release|Any CPU
		{BC8D6F7F-6CA9-443B-B472-BC8E18A87BB8}.Release|Any CPU.Build.0 = Release|Any CPU
	EndGlobalSection
	GlobalSection(SolutionProperties) = preSolution
		HideSolutionNode = FALSE
	EndGlobalSection
	GlobalSection(NestedProjects) = preSolution
		{AC7ED0B2-BB1A-467E-B738-85E4CCA4C50C} = {9909DDD2-BF6C-41BF-8C95-41A78EE173AC}
		{6130F8EA-EE5E-4D1A-9EB8-04035D6C7F48} = {9909DDD2-BF6C-41BF-8C95-41A78EE173AC}
		{BC8D6F7F-6CA9-443B-B472-BC8E18A87BB8} = {9909DDD2-BF6C-41BF-8C95-41A78EE173AC}
	EndGlobalSection
EndGlobal
