
Microsoft Visual Studio Solution File, Format Version 12.00
# Visual Studio 14
VisualStudioVersion = 14.0.25420.1
MinimumVisualStudioVersion = 10.0.40219.1
Project("{2150E333-8FDC-42A3-9474-1A3956D46DE8}") = "Server", "Server", "{874957DD-7074-4AC3-8862-3945145CB5AE}"
EndProject
Project("{2150E333-8FDC-42A3-9474-1A3956D46DE8}") = "Client", "Client", "{C80047D3-C219-4D12-A40F-2FA10E1C7B05}"
EndProject
Project("{FAE04EC0-301F-11D3-BF4B-00C04F79EFBC}") = "TestWcf_Service", "Server\TestWcf_Service\TestWcf_Service.csproj", "{4F8839EE-F14B-471B-9960-92F226F54151}"
EndProject
Project("{FAE04EC0-301F-11D3-BF4B-00C04F79EFBC}") = "TestWcf", "Server\TestWcf\TestWcf.csproj", "{155E4009-7CEE-403C-B7AE-0B2A1053A604}"
EndProject
Project("{2150E333-8FDC-42A3-9474-1A3956D46DE8}") = "Common", "Common", "{EEA7CFB9-05FC-44B0-AE1D-CD6B3E2F8172}"
EndProject
Project("{FAE04EC0-301F-11D3-BF4B-00C04F79EFBC}") = "TestWcfCommon", "Common\TestWcfCommon\TestWcfCommon.csproj", "{7388342F-8734-4225-8CF3-A252109E11E7}"
EndProject
Project("{FAE04EC0-301F-11D3-BF4B-00C04F79EFBC}") = "TestWcfClient", "Client\TestWcfClient\TestWcfClient.csproj", "{766884BC-085E-449C-955C-DF5B6366A2D7}"
EndProject
Project("{FAE04EC0-301F-11D3-BF4B-00C04F79EFBC}") = "Common", "Common\Common\Common.csproj", "{604F4451-79F0-422E-A1E8-FDB741CA969E}"
EndProject
Global
	GlobalSection(SolutionConfigurationPlatforms) = preSolution
		Debug|Any CPU = Debug|Any CPU
		Release|Any CPU = Release|Any CPU
	EndGlobalSection
	GlobalSection(ProjectConfigurationPlatforms) = postSolution
		{4F8839EE-F14B-471B-9960-92F226F54151}.Debug|Any CPU.ActiveCfg = Debug|Any CPU
		{4F8839EE-F14B-471B-9960-92F226F54151}.Debug|Any CPU.Build.0 = Debug|Any CPU
		{4F8839EE-F14B-471B-9960-92F226F54151}.Release|Any CPU.ActiveCfg = Release|Any CPU
		{4F8839EE-F14B-471B-9960-92F226F54151}.Release|Any CPU.Build.0 = Release|Any CPU
		{155E4009-7CEE-403C-B7AE-0B2A1053A604}.Debug|Any CPU.ActiveCfg = Debug|Any CPU
		{155E4009-7CEE-403C-B7AE-0B2A1053A604}.Debug|Any CPU.Build.0 = Debug|Any CPU
		{155E4009-7CEE-403C-B7AE-0B2A1053A604}.Release|Any CPU.ActiveCfg = Release|Any CPU
		{155E4009-7CEE-403C-B7AE-0B2A1053A604}.Release|Any CPU.Build.0 = Release|Any CPU
		{7388342F-8734-4225-8CF3-A252109E11E7}.Debug|Any CPU.ActiveCfg = Debug|Any CPU
		{7388342F-8734-4225-8CF3-A252109E11E7}.Debug|Any CPU.Build.0 = Debug|Any CPU
		{7388342F-8734-4225-8CF3-A252109E11E7}.Release|Any CPU.ActiveCfg = Release|Any CPU
		{7388342F-8734-4225-8CF3-A252109E11E7}.Release|Any CPU.Build.0 = Release|Any CPU
		{766884BC-085E-449C-955C-DF5B6366A2D7}.Debug|Any CPU.ActiveCfg = Debug|Any CPU
		{766884BC-085E-449C-955C-DF5B6366A2D7}.Debug|Any CPU.Build.0 = Debug|Any CPU
		{766884BC-085E-449C-955C-DF5B6366A2D7}.Release|Any CPU.ActiveCfg = Release|Any CPU
		{766884BC-085E-449C-955C-DF5B6366A2D7}.Release|Any CPU.Build.0 = Release|Any CPU
		{604F4451-79F0-422E-A1E8-FDB741CA969E}.Debug|Any CPU.ActiveCfg = Debug|Any CPU
		{604F4451-79F0-422E-A1E8-FDB741CA969E}.Debug|Any CPU.Build.0 = Debug|Any CPU
		{604F4451-79F0-422E-A1E8-FDB741CA969E}.Release|Any CPU.ActiveCfg = Release|Any CPU
		{604F4451-79F0-422E-A1E8-FDB741CA969E}.Release|Any CPU.Build.0 = Release|Any CPU
	EndGlobalSection
	GlobalSection(SolutionProperties) = preSolution
		HideSolutionNode = FALSE
	EndGlobalSection
	GlobalSection(NestedProjects) = preSolution
		{4F8839EE-F14B-471B-9960-92F226F54151} = {874957DD-7074-4AC3-8862-3945145CB5AE}
		{155E4009-7CEE-403C-B7AE-0B2A1053A604} = {874957DD-7074-4AC3-8862-3945145CB5AE}
		{7388342F-8734-4225-8CF3-A252109E11E7} = {EEA7CFB9-05FC-44B0-AE1D-CD6B3E2F8172}
		{766884BC-085E-449C-955C-DF5B6366A2D7} = {C80047D3-C219-4D12-A40F-2FA10E1C7B05}
		{604F4451-79F0-422E-A1E8-FDB741CA969E} = {EEA7CFB9-05FC-44B0-AE1D-CD6B3E2F8172}
	EndGlobalSection
EndGlobal
