
Microsoft Visual Studio Solution File, Format Version 12.00
# Visual Studio 14
VisualStudioVersion = 14.0.25420.1
MinimumVisualStudioVersion = 10.0.40219.1
Project("{FAE04EC0-301F-11D3-BF4B-00C04F79EFBC}") = "Service_12", "12_Service\Service_12.csproj", "{21F59E67-B3FF-47A1-9434-BAE400CD83A5}"
EndProject
Project("{2150E333-8FDC-42A3-9474-1A3956D46DE8}") = "Server", "Server", "{D55BF312-7673-49D7-B609-C0ED6255CF9E}"
EndProject
Project("{2150E333-8FDC-42A3-9474-1A3956D46DE8}") = "Client", "Client", "{EE6CEA9D-9A0C-4B38-96B7-B5E9CFD4024C}"
EndProject
Project("{FAE04EC0-301F-11D3-BF4B-00C04F79EFBC}") = "WCFTest12", "WCFTest12\WCFTest12.csproj", "{CC397A28-944B-438F-8656-A75ABF02E9CF}"
EndProject
Project("{FAE04EC0-301F-11D3-BF4B-00C04F79EFBC}") = "TestService", "TestService\TestService.csproj", "{B145CB85-63B4-4FB3-AD83-3CD5CDED98F2}"
EndProject
Project("{E24C65DC-7377-472B-9ABA-BC803B73C61A}") = "TestWebServiceIIS", "TestWebServiceIIS\", "{71ACFF85-EEAE-4A39-82FA-50040AAC922C}"
	ProjectSection(WebsiteProperties) = preProject
		TargetFrameworkMoniker = ".NETFramework,Version%3Dv4.5.2"
		Debug.AspNetCompiler.VirtualPath = "/localhost_51358"
		Debug.AspNetCompiler.PhysicalPath = "TestWebServiceIIS\"
		Debug.AspNetCompiler.TargetPath = "PrecompiledWeb\localhost_51358\"
		Debug.AspNetCompiler.Updateable = "true"
		Debug.AspNetCompiler.ForceOverwrite = "true"
		Debug.AspNetCompiler.FixedNames = "false"
		Debug.AspNetCompiler.Debug = "True"
		Release.AspNetCompiler.VirtualPath = "/localhost_51358"
		Release.AspNetCompiler.PhysicalPath = "TestWebServiceIIS\"
		Release.AspNetCompiler.TargetPath = "PrecompiledWeb\localhost_51358\"
		Release.AspNetCompiler.Updateable = "true"
		Release.AspNetCompiler.ForceOverwrite = "true"
		Release.AspNetCompiler.FixedNames = "false"
		Release.AspNetCompiler.Debug = "False"
		VWDPort = "51358"
		SlnRelativePath = "TestWebServiceIIS\"
		DefaultWebSiteLanguage = "Visual C#"
	EndProjectSection
EndProject
Project("{FAE04EC0-301F-11D3-BF4B-00C04F79EFBC}") = "TestWpfClient", "TestWpfClient\TestWpfClient.csproj", "{619009C8-4999-46FE-9CE1-9E580FF29D25}"
EndProject
Project("{FAE04EC0-301F-11D3-BF4B-00C04F79EFBC}") = "TestWcfSite", "TestWcfSite\TestWcfSite.csproj", "{3A8F2B10-2F35-42CC-B937-7BB8D83399AB}"
EndProject
Project("{FAE04EC0-301F-11D3-BF4B-00C04F79EFBC}") = "Common", "Common\Common.csproj", "{C10AC536-AAE3-4DBB-970A-A82ECAE35EF1}"
EndProject
Global
	GlobalSection(SolutionConfigurationPlatforms) = preSolution
		Debug|Any CPU = Debug|Any CPU
		Release|Any CPU = Release|Any CPU
	EndGlobalSection
	GlobalSection(ProjectConfigurationPlatforms) = postSolution
		{21F59E67-B3FF-47A1-9434-BAE400CD83A5}.Debug|Any CPU.ActiveCfg = Debug|Any CPU
		{21F59E67-B3FF-47A1-9434-BAE400CD83A5}.Debug|Any CPU.Build.0 = Debug|Any CPU
		{21F59E67-B3FF-47A1-9434-BAE400CD83A5}.Release|Any CPU.ActiveCfg = Release|Any CPU
		{21F59E67-B3FF-47A1-9434-BAE400CD83A5}.Release|Any CPU.Build.0 = Release|Any CPU
		{CC397A28-944B-438F-8656-A75ABF02E9CF}.Debug|Any CPU.ActiveCfg = Debug|Any CPU
		{CC397A28-944B-438F-8656-A75ABF02E9CF}.Debug|Any CPU.Build.0 = Debug|Any CPU
		{CC397A28-944B-438F-8656-A75ABF02E9CF}.Release|Any CPU.ActiveCfg = Release|Any CPU
		{CC397A28-944B-438F-8656-A75ABF02E9CF}.Release|Any CPU.Build.0 = Release|Any CPU
		{B145CB85-63B4-4FB3-AD83-3CD5CDED98F2}.Debug|Any CPU.ActiveCfg = Debug|Any CPU
		{B145CB85-63B4-4FB3-AD83-3CD5CDED98F2}.Debug|Any CPU.Build.0 = Debug|Any CPU
		{B145CB85-63B4-4FB3-AD83-3CD5CDED98F2}.Release|Any CPU.ActiveCfg = Release|Any CPU
		{B145CB85-63B4-4FB3-AD83-3CD5CDED98F2}.Release|Any CPU.Build.0 = Release|Any CPU
		{71ACFF85-EEAE-4A39-82FA-50040AAC922C}.Debug|Any CPU.ActiveCfg = Debug|Any CPU
		{71ACFF85-EEAE-4A39-82FA-50040AAC922C}.Debug|Any CPU.Build.0 = Debug|Any CPU
		{71ACFF85-EEAE-4A39-82FA-50040AAC922C}.Release|Any CPU.ActiveCfg = Debug|Any CPU
		{71ACFF85-EEAE-4A39-82FA-50040AAC922C}.Release|Any CPU.Build.0 = Debug|Any CPU
		{619009C8-4999-46FE-9CE1-9E580FF29D25}.Debug|Any CPU.ActiveCfg = Debug|Any CPU
		{619009C8-4999-46FE-9CE1-9E580FF29D25}.Debug|Any CPU.Build.0 = Debug|Any CPU
		{619009C8-4999-46FE-9CE1-9E580FF29D25}.Release|Any CPU.ActiveCfg = Release|Any CPU
		{619009C8-4999-46FE-9CE1-9E580FF29D25}.Release|Any CPU.Build.0 = Release|Any CPU
		{3A8F2B10-2F35-42CC-B937-7BB8D83399AB}.Debug|Any CPU.ActiveCfg = Debug|Any CPU
		{3A8F2B10-2F35-42CC-B937-7BB8D83399AB}.Debug|Any CPU.Build.0 = Debug|Any CPU
		{3A8F2B10-2F35-42CC-B937-7BB8D83399AB}.Release|Any CPU.ActiveCfg = Release|Any CPU
		{3A8F2B10-2F35-42CC-B937-7BB8D83399AB}.Release|Any CPU.Build.0 = Release|Any CPU
		{C10AC536-AAE3-4DBB-970A-A82ECAE35EF1}.Debug|Any CPU.ActiveCfg = Debug|Any CPU
		{C10AC536-AAE3-4DBB-970A-A82ECAE35EF1}.Debug|Any CPU.Build.0 = Debug|Any CPU
		{C10AC536-AAE3-4DBB-970A-A82ECAE35EF1}.Release|Any CPU.ActiveCfg = Release|Any CPU
		{C10AC536-AAE3-4DBB-970A-A82ECAE35EF1}.Release|Any CPU.Build.0 = Release|Any CPU
	EndGlobalSection
	GlobalSection(SolutionProperties) = preSolution
		HideSolutionNode = FALSE
	EndGlobalSection
	GlobalSection(NestedProjects) = preSolution
		{21F59E67-B3FF-47A1-9434-BAE400CD83A5} = {D55BF312-7673-49D7-B609-C0ED6255CF9E}
		{CC397A28-944B-438F-8656-A75ABF02E9CF} = {D55BF312-7673-49D7-B609-C0ED6255CF9E}
		{B145CB85-63B4-4FB3-AD83-3CD5CDED98F2} = {D55BF312-7673-49D7-B609-C0ED6255CF9E}
		{71ACFF85-EEAE-4A39-82FA-50040AAC922C} = {D55BF312-7673-49D7-B609-C0ED6255CF9E}
		{619009C8-4999-46FE-9CE1-9E580FF29D25} = {EE6CEA9D-9A0C-4B38-96B7-B5E9CFD4024C}
		{3A8F2B10-2F35-42CC-B937-7BB8D83399AB} = {EE6CEA9D-9A0C-4B38-96B7-B5E9CFD4024C}
	EndGlobalSection
EndGlobal
